{
  "version": 4,
  "terraform_version": "1.13.4",
  "serial": 261,
  "lineage": "1671a94b-1300-993e-724e-05eb2ab2bccf",
  "outputs": {
    "chewbacca_acm_cert_arn": {
      "value": "arn:aws:acm:ap-northeast-1:620812304994:certificate/bf09fcc7-c028-40ba-9363-33d43c982141",
      "type": "string"
    },
    "chewbacca_alb_dns_name": {
      "value": "lew-alb01-604473024.ap-northeast-1.elb.amazonaws.com",
      "type": "string"
    },
    "chewbacca_app_fqdn": {
      "value": "app.lewsdomain.com",
      "type": "string"
    },
    "chewbacca_dashboard_name": {
      "value": "lew-dashboard01",
      "type": "string"
    },
    "chewbacca_ec2_instance_id": {
      "value": "i-0c5d621eaf3a08512",
      "type": "string"
    },
    "chewbacca_log_group_name": {
      "value": "/aws/ec2/lew-rds-app",
      "type": "string"
    },
    "chewbacca_private_ec2_instance_id_bonus": {
      "value": "i-07b29863a3989bb58",
      "type": "string"
    },
    "chewbacca_private_subnet_ids": {
      "value": [
        "subnet-0763eb4614e21ea66",
        "subnet-0e25bf6955aba2bf8"
      ],
      "type": [
        "tuple",
        [
          "string",
          "string"
        ]
      ]
    },
    "chewbacca_public_subnet_ids": {
      "value": [
        "subnet-009458617990398dc",
        "subnet-0825f48986e3bb5df"
      ],
      "type": [
        "tuple",
        [
          "string",
          "string"
        ]
      ]
    },
    "chewbacca_rds_endpoint": {
      "value": "lew-rds01.cvecsic0y331.ap-northeast-1.rds.amazonaws.com",
      "type": "string"
    },
    "chewbacca_sns_topic_arn": {
      "value": "arn:aws:sns:ap-northeast-1:620812304994:lew-db-incidents",
      "type": "string"
    },
    "chewbacca_target_group_arn": {
      "value": "arn:aws:elasticloadbalancing:ap-northeast-1:620812304994:targetgroup/lew-tg01/859f45e80f1a159f",
      "type": "string"
    },
    "chewbacca_vpc_id": {
      "value": "vpc-0e69c2a5e1fea450c",
      "type": "string"
    },
    "chewbacca_vpce_logs_id": {
      "value": "vpce-0567e989da096c6af",
      "type": "string"
    },
    "chewbacca_vpce_s3_id": {
      "value": "vpce-0455c665269a37c03",
      "type": "string"
    },
    "chewbacca_vpce_secrets_id": {
      "value": "vpce-0c28c7acabc78dd4f",
      "type": "string"
    },
    "chewbacca_vpce_ssm_id": {
      "value": "vpce-03b0908f5da92fe27",
      "type": "string"
    },
    "chewbacca_waf_arn": {
      "value": "arn:aws:wafv2:ap-northeast-1:620812304994:regional/webacl/lew-waf01/bc4383ea-9bc9-4ed8-963f-ce2d8b7d454c",
      "type": "string"
    },
    "chewbacca_waf_cw_log_group_name": {
      "value": "aws-waf-logs-lew-webacl01",
      "type": "string"
    },
    "chewbacca_waf_log_destination": {
      "value": "cloudwatch",
      "type": "string"
    }
  },
  "resources": [
    {
      "mode": "data",
      "type": "aws_caller_identity",
      "name": "chewbacca_self01",
      "provider": "provider[\"registry.terraform.io/hashicorp/aws\"]",
      "instances": [
        {
          "schema_version": 0,
          "attributes": {
            "account_id": "620812304994",
            "arn": "arn:aws:iam::620812304994:user/User101-GlueCourse",
            "id": "620812304994",
            "user_id": "AIDAZBC2MAJRMRV2EEJZ7"
          },
          "sensitive_attributes": [],
          "identity_schema_version": 0
        }
      ]
    },
    {
      "mode": "data",
      "type": "aws_elb_service_account",
      "name": "main",
      "provider": "provider[\"registry.terraform.io/hashicorp/aws\"]",
      "instances": [
        {
          "schema_version": 0,
          "attributes": {
            "arn": "arn:aws:iam::582318560864:root",
            "id": "582318560864",
            "region": "ap-northeast-1"
          },
          "sensitive_attributes": [],
          "identity_schema_version": 0
        }
      ]
    },
    {
      "mode": "data",
      "type": "aws_region",
      "name": "chewbacca_region01",
      "provider": "provider[\"registry.terraform.io/hashicorp/aws\"]",
      "instances": [
        {
          "schema_version": 0,
          "attributes": {
            "description": "Asia Pacific (Tokyo)",
            "endpoint": "ec2.ap-northeast-1.amazonaws.com",
            "id": "ap-northeast-1",
            "name": "ap-northeast-1",
            "region": "ap-northeast-1"
          },
          "sensitive_attributes": [],
          "identity_schema_version": 0
        }
      ]
    },
    {
      "mode": "managed",
      "type": "aws_acm_certificate",
      "name": "chewbacca_acm_cert01",
      "provider": "provider[\"registry.terraform.io/hashicorp/aws\"]",
      "instances": [
        {
          "schema_version": 0,
          "attributes": {
            "arn": "arn:aws:acm:ap-northeast-1:620812304994:certificate/bf09fcc7-c028-40ba-9363-33d43c982141",
            "certificate_authority_arn": "",
            "certificate_body": null,
            "certificate_chain": null,
            "domain_name": "app.lewsdomain.com",
            "domain_validation_options": [
              {
                "domain_name": "app.lewsdomain.com",
                "resource_record_name": "_8cbca3bc449fa10f96140568325d37ce.app.lewsdomain.com.",
                "resource_record_type": "CNAME",
                "resource_record_value": "_0e5b2d1b11f18b3b0f8a46db179df9e1.jkddzztszm.acm-validations.aws."
              }
            ],
            "early_renewal_duration": "",
            "id": "arn:aws:acm:ap-northeast-1:620812304994:certificate/bf09fcc7-c028-40ba-9363-33d43c982141",
            "key_algorithm": "RSA_2048",
            "not_after": "2027-02-22T23:59:59Z",
            "not_before": "2026-01-24T00:00:00Z",
            "options": [
              {
                "certificate_transparency_logging_preference": "ENABLED",
                "export": "DISABLED"
              }
            ],
            "pending_renewal": false,
            "private_key": null,
            "region": "ap-northeast-1",
            "renewal_eligibility": "ELIGIBLE",
            "renewal_summary": [],
            "status": "ISSUED",
            "subject_alternative_names": [
              "app.lewsdomain.com"
            ],
            "tags": {
              "Name": "lew-acm-cert01"
            },
            "tags_all": {
              "Name": "lew-acm-cert01"
            },
            "type": "AMAZON_ISSUED",
            "validation_emails": [],
            "validation_method": "DNS",
            "validation_option": []
          },
          "sensitive_attributes": [
            [
              {
                "type": "get_attr",
                "value": "private_key"
              }
            ]
          ],
          "identity_schema_version": 0,
          "identity": {
            "arn": "arn:aws:acm:ap-northeast-1:620812304994:certificate/bf09fcc7-c028-40ba-9363-33d43c982141"
          },
          "private": "bnVsbA=="
        }
      ]
    },
    {
      "mode": "managed",
      "type": "aws_acm_certificate_validation",
      "name": "chewbacca_acm_validation01_dns_bonus",
      "provider": "provider[\"registry.terraform.io/hashicorp/aws\"]",
      "instances": [
        {
          "index_key": 0,
          "schema_version": 0,
          "attributes": {
            "certificate_arn": "arn:aws:acm:ap-northeast-1:620812304994:certificate/bf09fcc7-c028-40ba-9363-33d43c982141",
            "id": "2026-01-24 03:38:55.804 +0000 UTC",
            "region": "ap-northeast-1",
            "timeouts": null,
            "validation_record_fqdns": [
              "_8cbca3bc449fa10f96140568325d37ce.app.lewsdomain.com"
            ]
          },
          "sensitive_attributes": [],
          "identity_schema_version": 0,
          "private": "eyJlMmJmYjczMC1lY2FhLTExZTYtOGY4OC0zNDM2M2JjN2M0YzAiOnsiY3JlYXRlIjo0NTAwMDAwMDAwMDAwfX0=",
          "dependencies": [
            "aws_acm_certificate.chewbacca_acm_cert01",
            "aws_route53_record.chewbacca_acm_validation_records01",
            "aws_route53_zone.chewbacca_zone01"
          ]
        }
      ]
    },
    {
      "mode": "managed",
      "type": "aws_cloudwatch_dashboard",
      "name": "chewbacca_dashboard01",
      "provider": "provider[\"registry.terraform.io/hashicorp/aws\"]",
      "instances": [
        {
          "schema_version": 0,
          "attributes": {
            "dashboard_arn": "arn:aws:cloudwatch::620812304994:dashboard/lew-dashboard01",
            "dashboard_body": "{\"widgets\":[{\"height\":6,\"properties\":{\"metrics\":[[\"AWS/ApplicationELB\",\"RequestCount\",\"LoadBalancer\",\"app/lew-alb01/5bacfef0e722326b\"],[\".\",\"HTTPCode_ELB_5XX_Count\",\".\",\"app/lew-alb01/5bacfef0e722326b\"]],\"period\":300,\"region\":\"ap-northeast-1\",\"stat\":\"Sum\",\"title\":\"Chewbacca ALB: Requests + 5XX\"},\"type\":\"metric\",\"width\":12,\"x\":0,\"y\":0},{\"height\":6,\"properties\":{\"metrics\":[[\"AWS/ApplicationELB\",\"TargetResponseTime\",\"LoadBalancer\",\"app/lew-alb01/5bacfef0e722326b\"]],\"period\":300,\"region\":\"ap-northeast-1\",\"stat\":\"Average\",\"title\":\"Chewbacca ALB: Target Response Time\"},\"type\":\"metric\",\"width\":12,\"x\":12,\"y\":0}]}",
            "dashboard_name": "lew-dashboard01",
            "id": "lew-dashboard01",
            "region": "ap-northeast-1"
          },
          "sensitive_attributes": [],
          "identity_schema_version": 0,
          "private": "bnVsbA==",
          "dependencies": [
            "aws_lb.chewbacca_alb01",
            "aws_s3_bucket.chewbacca_alb_logs_bucket01",
            "aws_security_group.chewbacca_alb_sg01",
            "aws_subnet.chewbacca_public_subnets",
            "aws_vpc.chewbacca_vpc01",
            "data.aws_caller_identity.chewbacca_self01"
          ]
        }
      ]
    },
    {
      "mode": "managed",
      "type": "aws_cloudwatch_log_group",
      "name": "chewbacca_log_group01",
      "provider": "provider[\"registry.terraform.io/hashicorp/aws\"]",
      "instances": [
        {
          "schema_version": 0,
          "attributes": {
            "arn": "arn:aws:logs:ap-northeast-1:620812304994:log-group:/aws/ec2/lew-rds-app",
            "deletion_protection_enabled": false,
            "id": "/aws/ec2/lew-rds-app",
            "kms_key_id": "",
            "log_group_class": "STANDARD",
            "name": "/aws/ec2/lew-rds-app",
            "name_prefix": "",
            "region": "ap-northeast-1",
            "retention_in_days": 7,
            "skip_destroy": false,
            "tags": {
              "Name": "lew-log-group01"
            },
            "tags_all": {
              "Name": "lew-log-group01"
            }
          },
          "sensitive_attributes": [],
          "identity_schema_version": 0,
          "identity": {
            "account_id": "620812304994",
            "name": "/aws/ec2/lew-rds-app",
            "region": "ap-northeast-1"
          },
          "private": "bnVsbA=="
        }
      ]
    },
    {
      "mode": "managed",
      "type": "aws_cloudwatch_log_group",
      "name": "chewbacca_waf_log_group01",
      "provider": "provider[\"registry.terraform.io/hashicorp/aws\"]",
      "instances": [
        {
          "index_key": 0,
          "schema_version": 0,
          "attributes": {
            "arn": "arn:aws:logs:ap-northeast-1:620812304994:log-group:aws-waf-logs-lew-webacl01",
            "deletion_protection_enabled": false,
            "id": "aws-waf-logs-lew-webacl01",
            "kms_key_id": "",
            "log_group_class": "STANDARD",
            "name": "aws-waf-logs-lew-webacl01",
            "name_prefix": "",
            "region": "ap-northeast-1",
            "retention_in_days": 7,
            "skip_destroy": false,
            "tags": {
              "Name": "lew-waf-log-group01"
            },
            "tags_all": {
              "Name": "lew-waf-log-group01"
            }
          },
          "sensitive_attributes": [],
          "identity_schema_version": 0,
          "identity": {
            "account_id": "620812304994",
            "name": "aws-waf-logs-lew-webacl01",
            "region": "ap-northeast-1"
          },
          "private": "bnVsbA=="
        }
      ]
    },
    {
      "mode": "managed",
      "type": "aws_cloudwatch_log_resource_policy",
      "name": "chewbacca_waf_cw_policy01",
      "provider": "provider[\"registry.terraform.io/hashicorp/aws\"]",
      "instances": [
        {
          "index_key": 0,
          "schema_version": 0,
          "attributes": {
            "id": "lew-waf-cw-policy01",
            "policy_document": "{\"Statement\":[{\"Action\":[\"logs:CreateLogStream\",\"logs:PutLogEvents\"],\"Condition\":{\"ArnLike\":{\"aws:SourceArn\":\"arn:aws:logs:ap-northeast-1:620812304994:*\"},\"StringEquals\":{\"aws:SourceAccount\":\"620812304994\"}},\"Effect\":\"Allow\",\"Principal\":{\"Service\":\"delivery.logs.amazonaws.com\"},\"Resource\":\"arn:aws:logs:ap-northeast-1:620812304994:log-group:aws-waf-logs-lew-webacl01:*\",\"Sid\":\"AllowWAFToLog\"}],\"Version\":\"2012-10-17\"}",
            "policy_name": "lew-waf-cw-policy01",
            "region": "ap-northeast-1"
          },
          "sensitive_attributes": [],
          "identity_schema_version": 0,
          "private": "bnVsbA==",
          "dependencies": [
            "aws_cloudwatch_log_group.chewbacca_waf_log_group01",
            "data.aws_caller_identity.chewbacca_self01"
          ]
        }
      ]
    },
    {
      "mode": "managed",
      "type": "aws_cloudwatch_metric_alarm",
      "name": "chewbacca_alb_5xx_alarm01",
      "provider": "provider[\"registry.terraform.io/hashicorp/aws\"]",
      "instances": [
        {
          "schema_version": 1,
          "attributes": {
            "actions_enabled": true,
            "alarm_actions": [
              "arn:aws:sns:ap-northeast-1:620812304994:lew-db-incidents"
            ],
            "alarm_description": "",
            "alarm_name": "lew-alb-5xx-alarm01",
            "arn": "arn:aws:cloudwatch:ap-northeast-1:620812304994:alarm:lew-alb-5xx-alarm01",
            "comparison_operator": "GreaterThanOrEqualToThreshold",
            "datapoints_to_alarm": 0,
            "dimensions": {
              "LoadBalancer": "app/lew-alb01/5bacfef0e722326b"
            },
            "evaluate_low_sample_count_percentiles": "",
            "evaluation_periods": 1,
            "extended_statistic": "",
            "id": "lew-alb-5xx-alarm01",
            "insufficient_data_actions": [],
            "metric_name": "HTTPCode_ELB_5XX_Count",
            "metric_query": [],
            "namespace": "AWS/ApplicationELB",
            "ok_actions": [],
            "period": 300,
            "region": "ap-northeast-1",
            "statistic": "Sum",
            "tags": {
              "Name": "lew-alb-5xx-alarm01"
            },
            "tags_all": {
              "Name": "lew-alb-5xx-alarm01"
            },
            "threshold": 10,
            "threshold_metric_id": "",
            "treat_missing_data": "missing",
            "unit": ""
          },
          "sensitive_attributes": [],
          "identity_schema_version": 0,
          "identity": {
            "account_id": "620812304994",
            "alarm_name": "lew-alb-5xx-alarm01",
            "region": "ap-northeast-1"
          },
          "private": "eyJzY2hlbWFfdmVyc2lvbiI6IjEifQ==",
          "dependencies": [
            "aws_lb.chewbacca_alb01",
            "aws_s3_bucket.chewbacca_alb_logs_bucket01",
            "aws_security_group.chewbacca_alb_sg01",
            "aws_sns_topic.chewbacca_sns_topic01",
            "aws_subnet.chewbacca_public_subnets",
            "aws_vpc.chewbacca_vpc01",
            "data.aws_caller_identity.chewbacca_self01"
          ]
        }
      ]
    },
    {
      "mode": "managed",
      "type": "aws_cloudwatch_metric_alarm",
      "name": "chewbacca_db_alarm01",
      "provider": "provider[\"registry.terraform.io/hashicorp/aws\"]",
      "instances": [
        {
          "schema_version": 1,
          "attributes": {
            "actions_enabled": true,
            "alarm_actions": [
              "arn:aws:sns:ap-northeast-1:620812304994:lew-db-incidents"
            ],
            "alarm_description": "",
            "alarm_name": "lew-db-connection-failure",
            "arn": "arn:aws:cloudwatch:ap-northeast-1:620812304994:alarm:lew-db-connection-failure",
            "comparison_operator": "GreaterThanOrEqualToThreshold",
            "datapoints_to_alarm": 0,
            "dimensions": {},
            "evaluate_low_sample_count_percentiles": "",
            "evaluation_periods": 1,
            "extended_statistic": "",
            "id": "lew-db-connection-failure",
            "insufficient_data_actions": [],
            "metric_name": "DBConnectionErrors",
            "metric_query": [],
            "namespace": "Lab/RDSApp",
            "ok_actions": [],
            "period": 300,
            "region": "ap-northeast-1",
            "statistic": "Sum",
            "tags": {
              "Name": "lew-alarm-db-fail"
            },
            "tags_all": {
              "Name": "lew-alarm-db-fail"
            },
            "threshold": 3,
            "threshold_metric_id": "",
            "treat_missing_data": "missing",
            "unit": ""
          },
          "sensitive_attributes": [],
          "identity_schema_version": 0,
          "identity": {
            "account_id": "620812304994",
            "alarm_name": "lew-db-connection-failure",
            "region": "ap-northeast-1"
          },
          "private": "eyJzY2hlbWFfdmVyc2lvbiI6IjEifQ==",
          "dependencies": [
            "aws_sns_topic.chewbacca_sns_topic01"
          ]
        }
      ]
    },
    {
      "mode": "managed",
      "type": "aws_db_instance",
      "name": "chewbacca_rds01",
      "provider": "provider[\"registry.terraform.io/hashicorp/aws\"]",
      "instances": [
        {
          "schema_version": 2,
          "attributes": {
            "address": "lew-rds01.cvecsic0y331.ap-northeast-1.rds.amazonaws.com",
            "allocated_storage": 20,
            "allow_major_version_upgrade": null,
            "apply_immediately": false,
            "arn": "arn:aws:rds:ap-northeast-1:620812304994:db:lew-rds01",
            "auto_minor_version_upgrade": true,
            "availability_zone": "ap-northeast-1c",
            "backup_retention_period": 1,
            "backup_target": "region",
            "backup_window": "02:00-03:00",
            "blue_green_update": [],
            "ca_cert_identifier": "rds-ca-rsa2048-g1",
            "character_set_name": "",
            "copy_tags_to_snapshot": false,
            "custom_iam_instance_profile": "",
            "customer_owned_ip_enabled": false,
            "database_insights_mode": "standard",
            "db_name": "labdb",
            "db_subnet_group_name": "lew-rds-subnet-group01",
            "dedicated_log_volume": false,
            "delete_automated_backups": true,
            "deletion_protection": false,
            "domain": "",
            "domain_auth_secret_arn": "",
            "domain_dns_ips": [],
            "domain_fqdn": "",
            "domain_iam_role_name": "",
            "domain_ou": "",
            "enabled_cloudwatch_logs_exports": [],
            "endpoint": "lew-rds01.cvecsic0y331.ap-northeast-1.rds.amazonaws.com:3306",
            "engine": "mysql",
            "engine_lifecycle_support": "open-source-rds-extended-support",
            "engine_version": "8.0.43",
            "engine_version_actual": "8.0.43",
            "final_snapshot_identifier": null,
            "hosted_zone_id": "Z24O6O9L7SGTNB",
            "iam_database_authentication_enabled": false,
            "id": "db-WS2BSYRINJVIABKEJVE3Z7JL4U",
            "identifier": "lew-rds01",
            "identifier_prefix": "",
            "instance_class": "db.t3.micro",
            "iops": 0,
            "kms_key_id": "",
            "latest_restorable_time": "2026-01-24T06:55:00Z",
            "license_model": "general-public-license",
            "listener_endpoint": [],
            "maintenance_window": "sat:14:34-sat:15:04",
            "manage_master_user_password": null,
            "master_user_secret": [],
            "master_user_secret_kms_key_id": null,
            "max_allocated_storage": 0,
            "monitoring_interval": 0,
            "monitoring_role_arn": "",
            "multi_az": true,
            "nchar_character_set_name": "",
            "network_type": "IPV4",
            "option_group_name": "default:mysql-8-0",
            "parameter_group_name": "default.mysql8.0",
            "password": "Bigpimpin6",
            "password_wo": null,
            "password_wo_version": null,
            "performance_insights_enabled": false,
            "performance_insights_kms_key_id": "",
            "performance_insights_retention_period": 0,
            "port": 3306,
            "publicly_accessible": false,
            "region": "ap-northeast-1",
            "replica_mode": "",
            "replicas": [],
            "replicate_source_db": "",
            "resource_id": "db-WS2BSYRINJVIABKEJVE3Z7JL4U",
            "restore_to_point_in_time": [],
            "s3_import": [],
            "skip_final_snapshot": true,
            "snapshot_identifier": null,
            "status": "available",
            "storage_encrypted": false,
            "storage_throughput": 0,
            "storage_type": "gp2",
            "tags": {
              "Name": "lew-rds01"
            },
            "tags_all": {
              "Name": "lew-rds01"
            },
            "timeouts": null,
            "timezone": "",
            "upgrade_rollout_order": "second",
            "upgrade_storage_config": null,
            "username": "admin",
            "vpc_security_group_ids": [
              "sg-05eca073c1193182d"
            ]
          },
          "sensitive_attributes": [
            [
              {
                "type": "get_attr",
                "value": "password"
              }
            ],
            [
              {
                "type": "get_attr",
                "value": "password_wo"
              }
            ]
          ],
          "identity_schema_version": 0,
          "private": "eyJlMmJmYjczMC1lY2FhLTExZTYtOGY4OC0zNDM2M2JjN2M0YzAiOnsiY3JlYXRlIjozMDAwMDAwMDAwMDAwLCJkZWxldGUiOjM2MDAwMDAwMDAwMDAsInVwZGF0ZSI6NDgwMDAwMDAwMDAwMH0sInNjaGVtYV92ZXJzaW9uIjoiMiJ9",
          "dependencies": [
            "aws_db_subnet_group.chewbacca_rds_subnet_group01",
            "aws_security_group.chewbacca_rds_sg01",
            "aws_subnet.chewbacca_private_subnets",
            "aws_vpc.chewbacca_vpc01"
          ]
        }
      ]
    },
    {
      "mode": "managed",
      "type": "aws_db_subnet_group",
      "name": "chewbacca_rds_subnet_group01",
      "provider": "provider[\"registry.terraform.io/hashicorp/aws\"]",
      "instances": [
        {
          "schema_version": 0,
          "attributes": {
            "arn": "arn:aws:rds:ap-northeast-1:620812304994:subgrp:lew-rds-subnet-group01",
            "description": "Managed by Terraform",
            "id": "lew-rds-subnet-group01",
            "name": "lew-rds-subnet-group01",
            "name_prefix": "",
            "region": "ap-northeast-1",
            "subnet_ids": [
              "subnet-0763eb4614e21ea66",
              "subnet-0e25bf6955aba2bf8"
            ],
            "supported_network_types": [
              "IPV4"
            ],
            "tags": {
              "Name": "lew-rds-subnet-group01"
            },
            "tags_all": {
              "Name": "lew-rds-subnet-group01"
            },
            "vpc_id": "vpc-0e69c2a5e1fea450c"
          },
          "sensitive_attributes": [],
          "identity_schema_version": 0,
          "private": "bnVsbA==",
          "dependencies": [
            "aws_subnet.chewbacca_private_subnets",
            "aws_vpc.chewbacca_vpc01"
          ]
        }
      ]
    },
    {
      "mode": "managed",
      "type": "aws_eip",
      "name": "chewbacca_nat_eip01",
      "provider": "provider[\"registry.terraform.io/hashicorp/aws\"]",
      "instances": [
        {
          "schema_version": 0,
          "attributes": {
            "address": null,
            "allocation_id": "eipalloc-03bfb2d937c32fbbc",
            "arn": "arn:aws:ec2:ap-northeast-1:620812304994:elastic-ip/eipalloc-03bfb2d937c32fbbc",
            "associate_with_private_ip": null,
            "association_id": "eipassoc-0cd50c4fb08d25bcf",
            "carrier_ip": "",
            "customer_owned_ip": "",
            "customer_owned_ipv4_pool": "",
            "domain": "vpc",
            "id": "eipalloc-03bfb2d937c32fbbc",
            "instance": "",
            "ipam_pool_id": null,
            "network_border_group": "ap-northeast-1",
            "network_interface": "eni-0be891686db1509fa",
            "private_dns": "ip-10-17-1-22.ap-northeast-1.compute.internal",
            "private_ip": "10.17.1.22",
            "ptr_record": "",
            "public_dns": "ec2-54-95-236-142.ap-northeast-1.compute.amazonaws.com",
            "public_ip": "54.95.236.142",
            "public_ipv4_pool": "amazon",
            "region": "ap-northeast-1",
            "tags": {
              "Name": "lew-nat-eip01"
            },
            "tags_all": {
              "Name": "lew-nat-eip01"
            },
            "timeouts": null
          },
          "sensitive_attributes": [],
          "identity_schema_version": 0,
          "private": "eyJlMmJmYjczMC1lY2FhLTExZTYtOGY4OC0zNDM2M2JjN2M0YzAiOnsiZGVsZXRlIjoxODAwMDAwMDAwMDAsInJlYWQiOjkwMDAwMDAwMDAwMCwidXBkYXRlIjozMDAwMDAwMDAwMDB9fQ=="
        }
      ]
    },
    {
      "mode": "managed",
      "type": "aws_iam_instance_profile",
      "name": "chewbacca_instance_profile01",
      "provider": "provider[\"registry.terraform.io/hashicorp/aws\"]",
      "instances": [
        {
          "schema_version": 0,
          "attributes": {
            "arn": "arn:aws:iam::620812304994:instance-profile/lew-instance-profile01",
            "create_date": "2026-01-24T02:21:28Z",
            "id": "lew-instance-profile01",
            "name": "lew-instance-profile01",
            "name_prefix": "",
            "path": "/",
            "role": "lew-ec2-role01",
            "tags": {},
            "tags_all": {},
            "unique_id": "AIPAZBC2MAJRG37DKI2KV"
          },
          "sensitive_attributes": [],
          "identity_schema_version": 0,
          "private": "bnVsbA==",
          "dependencies": [
            "aws_iam_role.chewbacca_ec2_role01"
          ]
        }
      ]
    },
    {
      "mode": "managed",
      "type": "aws_iam_policy",
      "name": "chewbacca_leastpriv_cwlogs01",
      "provider": "provider[\"registry.terraform.io/hashicorp/aws\"]",
      "instances": [
        {
          "schema_version": 0,
          "attributes": {
            "arn": "arn:aws:iam::620812304994:policy/lew-lp-cwlogs01",
            "attachment_count": 1,
            "delay_after_policy_creation_in_ms": null,
            "description": "Least-privilege CloudWatch Logs write for the app log group",
            "id": "arn:aws:iam::620812304994:policy/lew-lp-cwlogs01",
            "name": "lew-lp-cwlogs01",
            "name_prefix": "",
            "path": "/",
            "policy": "{\"Statement\":[{\"Action\":[\"logs:CreateLogStream\",\"logs:PutLogEvents\",\"logs:DescribeLogStreams\"],\"Effect\":\"Allow\",\"Resource\":[\"arn:aws:logs:ap-northeast-1:620812304994:log-group:/aws/ec2/lew-rds-app:*\"],\"Sid\":\"WriteLogs\"}],\"Version\":\"2012-10-17\"}",
            "policy_id": "ANPAZBC2MAJRKKHBY4VDP",
            "tags": {},
            "tags_all": {}
          },
          "sensitive_attributes": [],
          "identity_schema_version": 0,
          "identity": {
            "arn": "arn:aws:iam::620812304994:policy/lew-lp-cwlogs01"
          },
          "private": "bnVsbA==",
          "dependencies": [
            "aws_cloudwatch_log_group.chewbacca_log_group01"
          ]
        }
      ]
    },
    {
      "mode": "managed",
      "type": "aws_iam_policy",
      "name": "chewbacca_leastpriv_read_params01",
      "provider": "provider[\"registry.terraform.io/hashicorp/aws\"]",
      "instances": [
        {
          "schema_version": 0,
          "attributes": {
            "arn": "arn:aws:iam::620812304994:policy/lew-lp-ssm-read01",
            "attachment_count": 1,
            "delay_after_policy_creation_in_ms": null,
            "description": "Least-privilege read for SSM Parameter Store under /lab/db/*",
            "id": "arn:aws:iam::620812304994:policy/lew-lp-ssm-read01",
            "name": "lew-lp-ssm-read01",
            "name_prefix": "",
            "path": "/",
            "policy": "{\"Statement\":[{\"Action\":[\"ssm:GetParameter\",\"ssm:GetParameters\",\"ssm:GetParametersByPath\"],\"Effect\":\"Allow\",\"Resource\":[\"arn:aws:ssm:ap-northeast-1:620812304994:parameter/lab/db/*\"],\"Sid\":\"ReadLabDbParams\"}],\"Version\":\"2012-10-17\"}",
            "policy_id": "ANPAZBC2MAJRC4ANLQG5F",
            "tags": {},
            "tags_all": {}
          },
          "sensitive_attributes": [],
          "identity_schema_version": 0,
          "identity": {
            "arn": "arn:aws:iam::620812304994:policy/lew-lp-ssm-read01"
          },
          "private": "bnVsbA==",
          "dependencies": [
            "data.aws_caller_identity.chewbacca_self01",
            "data.aws_region.chewbacca_region01"
          ]
        }
      ]
    },
    {
      "mode": "managed",
      "type": "aws_iam_policy",
      "name": "chewbacca_leastpriv_read_secret01",
      "provider": "provider[\"registry.terraform.io/hashicorp/aws\"]",
      "instances": [
        {
          "schema_version": 0,
          "attributes": {
            "arn": "arn:aws:iam::620812304994:policy/lew-lp-secrets-read01",
            "attachment_count": 1,
            "delay_after_policy_creation_in_ms": null,
            "description": "Least-privilege read for the lab DB secret",
            "id": "arn:aws:iam::620812304994:policy/lew-lp-secrets-read01",
            "name": "lew-lp-secrets-read01",
            "name_prefix": "",
            "path": "/",
            "policy": "{\"Statement\":[{\"Action\":[\"secretsmanager:GetSecretValue\",\"secretsmanager:DescribeSecret\"],\"Effect\":\"Allow\",\"Resource\":[\"arn:aws:secretsmanager:ap-northeast-1:620812304994:secret:lew/rds/mysql-EvBegq\"],\"Sid\":\"ReadOnlyLabSecret\"}],\"Version\":\"2012-10-17\"}",
            "policy_id": "ANPAZBC2MAJREKVCDFSEP",
            "tags": {},
            "tags_all": {}
          },
          "sensitive_attributes": [],
          "identity_schema_version": 0,
          "identity": {
            "arn": "arn:aws:iam::620812304994:policy/lew-lp-secrets-read01"
          },
          "private": "bnVsbA==",
          "dependencies": [
            "aws_secretsmanager_secret.chewbacca_db_secret01"
          ]
        }
      ]
    },
    {
      "mode": "managed",
      "type": "aws_iam_role",
      "name": "chewbacca_ec2_role01",
      "provider": "provider[\"registry.terraform.io/hashicorp/aws\"]",
      "instances": [
        {
          "schema_version": 0,
          "attributes": {
            "arn": "arn:aws:iam::620812304994:role/lew-ec2-role01",
            "assume_role_policy": "{\"Statement\":[{\"Action\":\"sts:AssumeRole\",\"Effect\":\"Allow\",\"Principal\":{\"Service\":\"ec2.amazonaws.com\"}}],\"Version\":\"2012-10-17\"}",
            "create_date": "2026-01-24T02:21:27Z",
            "description": "",
            "force_detach_policies": false,
            "id": "lew-ec2-role01",
            "inline_policy": [],
            "managed_policy_arns": [
              "arn:aws:iam::620812304994:policy/lew-lp-cwlogs01",
              "arn:aws:iam::620812304994:policy/lew-lp-secrets-read01",
              "arn:aws:iam::620812304994:policy/lew-lp-ssm-read01",
              "arn:aws:iam::aws:policy/AmazonSSMManagedInstanceCore",
              "arn:aws:iam::aws:policy/CloudWatchAgentServerPolicy",
              "arn:aws:iam::aws:policy/SecretsManagerReadWrite"
            ],
            "max_session_duration": 3600,
            "name": "lew-ec2-role01",
            "name_prefix": "",
            "path": "/",
            "permissions_boundary": "",
            "tags": {},
            "tags_all": {},
            "unique_id": "AROAZBC2MAJROHLOB2AKR"
          },
          "sensitive_attributes": [],
          "identity_schema_version": 0,
          "identity": {
            "account_id": "620812304994",
            "name": "lew-ec2-role01"
          },
          "private": "bnVsbA=="
        }
      ]
    },
    {
      "mode": "managed",
      "type": "aws_iam_role_policy_attachment",
      "name": "chewbacca_attach_lp_cwlogs01",
      "provider": "provider[\"registry.terraform.io/hashicorp/aws\"]",
      "instances": [
        {
          "schema_version": 0,
          "attributes": {
            "id": "lew-ec2-role01/arn:aws:iam::620812304994:policy/lew-lp-cwlogs01",
            "policy_arn": "arn:aws:iam::620812304994:policy/lew-lp-cwlogs01",
            "role": "lew-ec2-role01"
          },
          "sensitive_attributes": [],
          "identity_schema_version": 0,
          "identity": {
            "account_id": "620812304994",
            "policy_arn": "arn:aws:iam::620812304994:policy/lew-lp-cwlogs01",
            "role": "lew-ec2-role01"
          },
          "private": "bnVsbA==",
          "dependencies": [
            "aws_cloudwatch_log_group.chewbacca_log_group01",
            "aws_iam_policy.chewbacca_leastpriv_cwlogs01",
            "aws_iam_role.chewbacca_ec2_role01"
          ]
        }
      ]
    },
    {
      "mode": "managed",
      "type": "aws_iam_role_policy_attachment",
      "name": "chewbacca_attach_lp_params01",
      "provider": "provider[\"registry.terraform.io/hashicorp/aws\"]",
      "instances": [
        {
          "schema_version": 0,
          "attributes": {
            "id": "lew-ec2-role01/arn:aws:iam::620812304994:policy/lew-lp-ssm-read01",
            "policy_arn": "arn:aws:iam::620812304994:policy/lew-lp-ssm-read01",
            "role": "lew-ec2-role01"
          },
          "sensitive_attributes": [],
          "identity_schema_version": 0,
          "identity": {
            "account_id": "620812304994",
            "policy_arn": "arn:aws:iam::620812304994:policy/lew-lp-ssm-read01",
            "role": "lew-ec2-role01"
          },
          "private": "bnVsbA==",
          "dependencies": [
            "aws_iam_policy.chewbacca_leastpriv_read_params01",
            "aws_iam_role.chewbacca_ec2_role01",
            "data.aws_caller_identity.chewbacca_self01",
            "data.aws_region.chewbacca_region01"
          ]
        }
      ]
    },
    {
      "mode": "managed",
      "type": "aws_iam_role_policy_attachment",
      "name": "chewbacca_attach_lp_secret01",
      "provider": "provider[\"registry.terraform.io/hashicorp/aws\"]",
      "instances": [
        {
          "schema_version": 0,
          "attributes": {
            "id": "lew-ec2-role01/arn:aws:iam::620812304994:policy/lew-lp-secrets-read01",
            "policy_arn": "arn:aws:iam::620812304994:policy/lew-lp-secrets-read01",
            "role": "lew-ec2-role01"
          },
          "sensitive_attributes": [],
          "identity_schema_version": 0,
          "identity": {
            "account_id": "620812304994",
            "policy_arn": "arn:aws:iam::620812304994:policy/lew-lp-secrets-read01",
            "role": "lew-ec2-role01"
          },
          "private": "bnVsbA==",
          "dependencies": [
            "aws_iam_policy.chewbacca_leastpriv_read_secret01",
            "aws_iam_role.chewbacca_ec2_role01",
            "aws_secretsmanager_secret.chewbacca_db_secret01"
          ]
        }
      ]
    },
    {
      "mode": "managed",
      "type": "aws_iam_role_policy_attachment",
      "name": "chewbacca_ec2_cw_attach",
      "provider": "provider[\"registry.terraform.io/hashicorp/aws\"]",
      "instances": [
        {
          "schema_version": 0,
          "attributes": {
            "id": "lew-ec2-role01/arn:aws:iam::aws:policy/CloudWatchAgentServerPolicy",
            "policy_arn": "arn:aws:iam::aws:policy/CloudWatchAgentServerPolicy",
            "role": "lew-ec2-role01"
          },
          "sensitive_attributes": [],
          "identity_schema_version": 0,
          "identity": {
            "account_id": "620812304994",
            "policy_arn": "arn:aws:iam::aws:policy/CloudWatchAgentServerPolicy",
            "role": "lew-ec2-role01"
          },
          "private": "bnVsbA==",
          "dependencies": [
            "aws_iam_role.chewbacca_ec2_role01"
          ]
        }
      ]
    },
    {
      "mode": "managed",
      "type": "aws_iam_role_policy_attachment",
      "name": "chewbacca_ec2_secrets_attach",
      "provider": "provider[\"registry.terraform.io/hashicorp/aws\"]",
      "instances": [
        {
          "schema_version": 0,
          "attributes": {
            "id": "lew-ec2-role01/arn:aws:iam::aws:policy/SecretsManagerReadWrite",
            "policy_arn": "arn:aws:iam::aws:policy/SecretsManagerReadWrite",
            "role": "lew-ec2-role01"
          },
          "sensitive_attributes": [],
          "identity_schema_version": 0,
          "identity": {
            "account_id": "620812304994",
            "policy_arn": "arn:aws:iam::aws:policy/SecretsManagerReadWrite",
            "role": "lew-ec2-role01"
          },
          "private": "bnVsbA==",
          "dependencies": [
            "aws_iam_role.chewbacca_ec2_role01"
          ]
        }
      ]
    },
    {
      "mode": "managed",
      "type": "aws_iam_role_policy_attachment",
      "name": "chewbacca_ec2_ssm_attach",
      "provider": "provider[\"registry.terraform.io/hashicorp/aws\"]",
      "instances": [
        {
          "schema_version": 0,
          "attributes": {
            "id": "lew-ec2-role01/arn:aws:iam::aws:policy/AmazonSSMManagedInstanceCore",
            "policy_arn": "arn:aws:iam::aws:policy/AmazonSSMManagedInstanceCore",
            "role": "lew-ec2-role01"
          },
          "sensitive_attributes": [],
          "identity_schema_version": 0,
          "identity": {
            "account_id": "620812304994",
            "policy_arn": "arn:aws:iam::aws:policy/AmazonSSMManagedInstanceCore",
            "role": "lew-ec2-role01"
          },
          "private": "bnVsbA==",
          "dependencies": [
            "aws_iam_role.chewbacca_ec2_role01"
          ]
        }
      ]
    },
    {
      "mode": "managed",
      "type": "aws_iam_role_policy_attachment",
      "name": "chewbacca_ssm_managed_policy_attach",
      "provider": "provider[\"registry.terraform.io/hashicorp/aws\"]",
      "instances": [
        {
          "schema_version": 0,
          "attributes": {
            "id": "lew-ec2-role01/arn:aws:iam::aws:policy/AmazonSSMManagedInstanceCore",
            "policy_arn": "arn:aws:iam::aws:policy/AmazonSSMManagedInstanceCore",
            "role": "lew-ec2-role01"
          },
          "sensitive_attributes": [],
          "identity_schema_version": 0,
          "identity": {
            "account_id": "620812304994",
            "policy_arn": "arn:aws:iam::aws:policy/AmazonSSMManagedInstanceCore",
            "role": "lew-ec2-role01"
          },
          "private": "bnVsbA==",
          "dependencies": [
            "aws_iam_role.chewbacca_ec2_role01"
          ]
        }
      ]
    },
    {
      "mode": "managed",
      "type": "aws_instance",
      "name": "chewbacca_ec201",
      "provider": "provider[\"registry.terraform.io/hashicorp/aws\"]",
      "instances": [
        {
          "schema_version": 2,
          "attributes": {
            "ami": "ami-03d1820163e6b9f5d",
            "arn": "arn:aws:ec2:ap-northeast-1:620812304994:instance/i-0c5d621eaf3a08512",
            "associate_public_ip_address": true,
            "availability_zone": "ap-northeast-1a",
            "capacity_reservation_specification": [
              {
                "capacity_reservation_preference": "open",
                "capacity_reservation_target": []
              }
            ],
            "cpu_options": [
              {
                "amd_sev_snp": "",
                "core_count": 1,
                "threads_per_core": 2
              }
            ],
            "credit_specification": [
              {
                "cpu_credits": "unlimited"
              }
            ],
            "disable_api_stop": false,
            "disable_api_termination": false,
            "ebs_block_device": [],
            "ebs_optimized": false,
            "enable_primary_ipv6": null,
            "enclave_options": [
              {
                "enabled": false
              }
            ],
            "ephemeral_block_device": [],
            "force_destroy": false,
            "get_password_data": false,
            "hibernation": false,
            "host_id": "",
            "host_resource_group_arn": null,
            "iam_instance_profile": "lew-instance-profile01",
            "id": "i-0c5d621eaf3a08512",
            "instance_initiated_shutdown_behavior": "stop",
            "instance_lifecycle": "",
            "instance_market_options": [],
            "instance_state": "running",
            "instance_type": "t3.micro",
            "ipv6_address_count": 0,
            "ipv6_addresses": [],
            "key_name": "",
            "launch_template": [],
            "maintenance_options": [
              {
                "auto_recovery": "default"
              }
            ],
            "metadata_options": [
              {
                "http_endpoint": "enabled",
                "http_protocol_ipv6": "disabled",
                "http_put_response_hop_limit": 2,
                "http_tokens": "required",
                "instance_metadata_tags": "disabled"
              }
            ],
            "monitoring": false,
            "network_interface": [],
            "outpost_arn": "",
            "password_data": "",
            "placement_group": "",
            "placement_group_id": "",
            "placement_partition_number": 0,
            "primary_network_interface": [
              {
                "delete_on_termination": true,
                "network_interface_id": "eni-0e553679db2e6672f"
              }
            ],
            "primary_network_interface_id": "eni-0e553679db2e6672f",
            "private_dns": "ip-10-17-1-100.ap-northeast-1.compute.internal",
            "private_dns_name_options": [
              {
                "enable_resource_name_dns_a_record": false,
                "enable_resource_name_dns_aaaa_record": false,
                "hostname_type": "ip-name"
              }
            ],
            "private_ip": "10.17.1.100",
            "public_dns": "ec2-18-183-229-40.ap-northeast-1.compute.amazonaws.com",
            "public_ip": "18.183.229.40",
            "region": "ap-northeast-1",
            "root_block_device": [
              {
                "delete_on_termination": true,
                "device_name": "/dev/xvda",
                "encrypted": false,
                "iops": 3000,
                "kms_key_id": "",
                "tags": {},
                "tags_all": {},
                "throughput": 125,
                "volume_id": "vol-06ec3d984abf12769",
                "volume_size": 8,
                "volume_type": "gp3"
              }
            ],
            "secondary_private_ips": [],
            "security_groups": [],
            "source_dest_check": true,
            "spot_instance_request_id": "",
            "subnet_id": "subnet-009458617990398dc",
            "tags": {
              "Name": "lew-ec201"
            },
            "tags_all": {
              "Name": "lew-ec201"
            },
            "tenancy": "default",
            "timeouts": null,
            "user_data": "#!/bin/bash\n\ndnf update -y\ndnf install -y python3-pip mariadb105 amazon-cloudwatch-agent\npip3 install flask pymysql boto3\nsudo systemctl enable amazon-ssm-agent\nsudo systemctl start amazon-ssm-agent\n\nmkdir -p /opt/rdsapp\ntouch /opt/rdsapp/app.log\nchmod 666 /opt/rdsapp/app.log\nchmod 755 /opt/rdsapp\n\ncat \u003e/opt/rdsapp/app.py \u003c\u003c'PY'\nimport json\nimport os\nimport boto3\nimport pymysql\nimport logging\nfrom flask import Flask, request\n\nREGION = os.environ.get(\"AWS_REGION\", \"ap-northeast-1\")\nSECRET_ID = os.environ.get(\"SECRET_ID\", \"lab-1a/rds/mysql\")\n\nsecrets = boto3.client(\"secretsmanager\", region_name=REGION)\ncloudwatch = boto3.client(\"cloudwatch\", region_name=REGION)\nssm = boto3.client(\"ssm\", region_name=REGION)\n\n#configure logging\nlogging.basicConfig(\n    filename='/opt/rdsapp/app.log',\n    level=logging.ERROR,\n    format='%(asctime)s ERROR: %(message)s'\n)\n\ndef emit_db_error():\n    try:\n        cloudwatch.put_metric_data(\n            Namespace=\"Lab/RDSApp\",\n            MetricData=[{\n                'MetricName': 'DBConnectionErrors',\n                'Value': 1.0,\n                'Unit': 'Count'\n            }]\n        )\n    except Exception as e:\n        logging.error(f\"Failed to emit CloudWatch metric: {e}\")\n\ndef get_db_creds():\n    param_resp = ssm.get_parameter(Name=\"lab/db/endpoint\")\n    db_host = param_resp['Parameter']['Value']\n    secret_resp = secrets.get_secret_value(SecretId=SECRET_ID)\n    s = json.loads(resp[\"SecretString\"])\n    s[\"host\"] = db_host\n    return s\n\ndef get_conn():\n    try:\n        c = get_db_creds()\n        conn = pymysql.connect(\n            host=c[\"host\"],\n            user=c[\"username\"],\n            password=c[\"password\"],\n            port=int(c.get(\"port\", 3306)),\n            database=\"labdb\",\n            autocommit=True\n        )\n        return conn\n    except Exception as e:\n        # This is the \"Failure Message\" your CLI command is looking for\n        logging.error(f\"DATABASE CONNECTIVITY FAILURE: {str(e)}\")\n        emit_db_error()\n        raise e\n\n\n\napp = Flask(__name__)\n\n@app.route(\"/\")\ndef home():\n    return \"Welcome to the RDS Notes App! Use /init to initialize the database, /add?note=yournote to add a note, and /list to list notes.\"\n\n@app.route(\"/init\")\ndef init_db():\n    c = get_db_creds()\n    conn = pymysql.connect(host=c[\"host\"], user=c[\"username\"], password=c[\"password\"], autocommit=True)\n    cur = conn.cursor()\n    cur.execute(\"CREATE DATABASE IF NOT EXISTS labdb;\")\n    cur.execute(\"USE labdb;\")\n    cur.execute(\"CREATE TABLE IF NOT EXISTS notes (id INT AUTO_INCREMENT PRIMARY KEY, note VARCHAR(255) NOT NULL);\")\n    cur.close()\n    conn.close()\n    return \"Initialized labdb + notes table via SSM Endpoint.\"\n\n@app.route(\"/add\", methods=[\"POST\", \"GET\"])\ndef add_note():\n    note = request.args.get(\"note\", \"\").strip()\n    if not note: return \"Missing note param\", 400\n    conn = get_conn()\n    cur = conn.cursor()\n    cur.execute(\"INSERT INTO notes(note) VALUES(%s);\", (note,))\n    cur.close(); conn.close()\n    return f\"Inserted note: {note}\"\n\n@app.route(\"/list\")\ndef list_notes():\n    conn = get_conn()\n    cur = conn.cursor()\n    cur.execute(\"SELECT id, note FROM notes ORDER BY id DESC;\")\n    rows = cur.fetchall()\n    cur.close(); conn.close()\n    out = \"\u003ch3\u003eNotes\u003c/h3\u003e\u003cul\u003e\"\n    for r in rows: out += f\"\u003cli\u003e{r[0]}: {r[1]}\u003c/li\u003e\"\n    return out + \"\u003c/ul\u003e\"\n\nif __name__ == \"__main__\":\n    app.run(host=\"0.0.0.0\", port=80)\nPY\n\ncat \u003e/etc/systemd/system/rdsapp.service \u003c\u003c'SERVICE'\n[Unit]\nDescription=EC2 to RDS Notes App\nAfter=network.target\n\n[Service]\nWorkingDirectory=/opt/rdsapp\nEnvironment=SECRET_ID=lab-1a/rds/mysql\nEnvironment=AWS_REGION=ap-northeast-1\nExecStart=/usr/bin/python3 /opt/rdsapp/app.py\nRestart=always\n\n[Install]\nWantedBy=multi-user.target\nSERVICE\n\ncat \u003e /opt/aws/amazon-cloudwatch-agent/etc/amazon-cloudwatch-agent.json \u003c\u003c 'EOF'\n{\n  \"logs\": {\n    \"logs_collected\": {\n      \"files\": {\n        \"collect_list\": [\n          {\n            \"file_path\": \"/opt/rdsapp/app.log\",\n            \"log_group_name\": \"/aws/ec2/lab-rds-app\",\n            \"log_stream_name\": \"{instance_id}\"\n          }\n        ]\n      }\n    }\n  }\n}\nEOF\n\n# Start the agent with the config\n/opt/aws/amazon-cloudwatch-agent/bin/amazon-cloudwatch-agent-ctl \\\n  -a fetch-config -m ec2 -c file:/opt/aws/amazon-cloudwatch-agent/etc/amazon-cloudwatch-agent.json -s\n\nsystemctl daemon-reload\nsystemctl enable rdsapp\nsystemctl start rdsapp",
            "user_data_base64": null,
            "user_data_replace_on_change": false,
            "volume_tags": null,
            "vpc_security_group_ids": [
              "sg-05d1ff8efbd11d40c"
            ]
          },
          "sensitive_attributes": [],
          "identity_schema_version": 0,
          "identity": {
            "account_id": "620812304994",
            "id": "i-0c5d621eaf3a08512",
            "region": "ap-northeast-1"
          },
          "private": "eyJlMmJmYjczMC1lY2FhLTExZTYtOGY4OC0zNDM2M2JjN2M0YzAiOnsiY3JlYXRlIjo2MDAwMDAwMDAwMDAsImRlbGV0ZSI6MTIwMDAwMDAwMDAwMCwicmVhZCI6OTAwMDAwMDAwMDAwLCJ1cGRhdGUiOjYwMDAwMDAwMDAwMH0sInNjaGVtYV92ZXJzaW9uIjoiMiJ9",
          "dependencies": [
            "aws_iam_instance_profile.chewbacca_instance_profile01",
            "aws_iam_role.chewbacca_ec2_role01",
            "aws_secretsmanager_secret.chewbacca_db_secret01",
            "aws_security_group.chewbacca_ec2_sg01",
            "aws_subnet.chewbacca_public_subnets",
            "aws_vpc.chewbacca_vpc01"
          ]
        }
      ]
    },
    {
      "mode": "managed",
      "type": "aws_instance",
      "name": "chewbacca_ec201_private_bonus",
      "provider": "provider[\"registry.terraform.io/hashicorp/aws\"]",
      "instances": [
        {
          "schema_version": 2,
          "attributes": {
            "ami": "ami-03d1820163e6b9f5d",
            "arn": "arn:aws:ec2:ap-northeast-1:620812304994:instance/i-07b29863a3989bb58",
            "associate_public_ip_address": false,
            "availability_zone": "ap-northeast-1a",
            "capacity_reservation_specification": [
              {
                "capacity_reservation_preference": "open",
                "capacity_reservation_target": []
              }
            ],
            "cpu_options": [
              {
                "amd_sev_snp": "",
                "core_count": 1,
                "threads_per_core": 2
              }
            ],
            "credit_specification": [
              {
                "cpu_credits": "unlimited"
              }
            ],
            "disable_api_stop": false,
            "disable_api_termination": false,
            "ebs_block_device": [],
            "ebs_optimized": false,
            "enable_primary_ipv6": null,
            "enclave_options": [
              {
                "enabled": false
              }
            ],
            "ephemeral_block_device": [],
            "force_destroy": false,
            "get_password_data": false,
            "hibernation": false,
            "host_id": "",
            "host_resource_group_arn": null,
            "iam_instance_profile": "lew-instance-profile01",
            "id": "i-07b29863a3989bb58",
            "instance_initiated_shutdown_behavior": "stop",
            "instance_lifecycle": "",
            "instance_market_options": [],
            "instance_state": "running",
            "instance_type": "t3.micro",
            "ipv6_address_count": 0,
            "ipv6_addresses": [],
            "key_name": "",
            "launch_template": [],
            "maintenance_options": [
              {
                "auto_recovery": "default"
              }
            ],
            "metadata_options": [
              {
                "http_endpoint": "enabled",
                "http_protocol_ipv6": "disabled",
                "http_put_response_hop_limit": 2,
                "http_tokens": "required",
                "instance_metadata_tags": "disabled"
              }
            ],
            "monitoring": false,
            "network_interface": [],
            "outpost_arn": "",
            "password_data": "",
            "placement_group": "",
            "placement_group_id": "",
            "placement_partition_number": 0,
            "primary_network_interface": [
              {
                "delete_on_termination": true,
                "network_interface_id": "eni-0f62ed39ae5182ba2"
              }
            ],
            "primary_network_interface_id": "eni-0f62ed39ae5182ba2",
            "private_dns": "ip-10-17-11-40.ap-northeast-1.compute.internal",
            "private_dns_name_options": [
              {
                "enable_resource_name_dns_a_record": false,
                "enable_resource_name_dns_aaaa_record": false,
                "hostname_type": "ip-name"
              }
            ],
            "private_ip": "10.17.11.40",
            "public_dns": "",
            "public_ip": "",
            "region": "ap-northeast-1",
            "root_block_device": [
              {
                "delete_on_termination": true,
                "device_name": "/dev/xvda",
                "encrypted": false,
                "iops": 3000,
                "kms_key_id": "",
                "tags": {},
                "tags_all": {},
                "throughput": 125,
                "volume_id": "vol-051057e41a2d2dff0",
                "volume_size": 8,
                "volume_type": "gp3"
              }
            ],
            "secondary_private_ips": [],
            "security_groups": [],
            "source_dest_check": true,
            "spot_instance_request_id": "",
            "subnet_id": "subnet-0763eb4614e21ea66",
            "tags": {
              "Name": "lew-ec201-private"
            },
            "tags_all": {
              "Name": "lew-ec201-private"
            },
            "tenancy": "default",
            "timeouts": null,
            "user_data": "#!/bin/bash\n\ndnf update -y\ndnf install -y python3-pip mariadb105 amazon-cloudwatch-agent\npip3 install flask pymysql boto3\nsudo systemctl enable amazon-ssm-agent\nsudo systemctl start amazon-ssm-agent\n\nmkdir -p /opt/rdsapp\ntouch /opt/rdsapp/app.log\nchmod 666 /opt/rdsapp/app.log\nchmod 755 /opt/rdsapp\n\ncat \u003e/opt/rdsapp/app.py \u003c\u003c'PY'\nimport json\nimport os\nimport boto3\nimport pymysql\nimport logging\nfrom flask import Flask, request\n\nREGION = os.environ.get(\"AWS_REGION\", \"ap-northeast-1\")\nSECRET_ID = os.environ.get(\"SECRET_ID\", \"lab-1a/rds/mysql\")\n\nsecrets = boto3.client(\"secretsmanager\", region_name=REGION)\ncloudwatch = boto3.client(\"cloudwatch\", region_name=REGION)\nssm = boto3.client(\"ssm\", region_name=REGION)\n\n#configure logging\nlogging.basicConfig(\n    filename='/opt/rdsapp/app.log',\n    level=logging.ERROR,\n    format='%(asctime)s ERROR: %(message)s'\n)\n\ndef emit_db_error():\n    try:\n        cloudwatch.put_metric_data(\n            Namespace=\"Lab/RDSApp\",\n            MetricData=[{\n                'MetricName': 'DBConnectionErrors',\n                'Value': 1.0,\n                'Unit': 'Count'\n            }]\n        )\n    except Exception as e:\n        logging.error(f\"Failed to emit CloudWatch metric: {e}\")\n\ndef get_db_creds():\n    param_resp = ssm.get_parameter(Name=\"lab/db/endpoint\")\n    db_host = param_resp['Parameter']['Value']\n    secret_resp = secrets.get_secret_value(SecretId=SECRET_ID)\n    s = json.loads(resp[\"SecretString\"])\n    s[\"host\"] = db_host\n    return s\n\ndef get_conn():\n    try:\n        c = get_db_creds()\n        conn = pymysql.connect(\n            host=c[\"host\"],\n            user=c[\"username\"],\n            password=c[\"password\"],\n            port=int(c.get(\"port\", 3306)),\n            database=\"labdb\",\n            autocommit=True\n        )\n        return conn\n    except Exception as e:\n        # This is the \"Failure Message\" your CLI command is looking for\n        logging.error(f\"DATABASE CONNECTIVITY FAILURE: {str(e)}\")\n        emit_db_error()\n        raise e\n\n\n\napp = Flask(__name__)\n\n@app.route(\"/\")\ndef home():\n    return \"Welcome to the RDS Notes App! Use /init to initialize the database, /add?note=yournote to add a note, and /list to list notes.\"\n\n@app.route(\"/init\")\ndef init_db():\n    c = get_db_creds()\n    conn = pymysql.connect(host=c[\"host\"], user=c[\"username\"], password=c[\"password\"], autocommit=True)\n    cur = conn.cursor()\n    cur.execute(\"CREATE DATABASE IF NOT EXISTS labdb;\")\n    cur.execute(\"USE labdb;\")\n    cur.execute(\"CREATE TABLE IF NOT EXISTS notes (id INT AUTO_INCREMENT PRIMARY KEY, note VARCHAR(255) NOT NULL);\")\n    cur.close()\n    conn.close()\n    return \"Initialized labdb + notes table via SSM Endpoint.\"\n\n@app.route(\"/add\", methods=[\"POST\", \"GET\"])\ndef add_note():\n    note = request.args.get(\"note\", \"\").strip()\n    if not note: return \"Missing note param\", 400\n    conn = get_conn()\n    cur = conn.cursor()\n    cur.execute(\"INSERT INTO notes(note) VALUES(%s);\", (note,))\n    cur.close(); conn.close()\n    return f\"Inserted note: {note}\"\n\n@app.route(\"/list\")\ndef list_notes():\n    conn = get_conn()\n    cur = conn.cursor()\n    cur.execute(\"SELECT id, note FROM notes ORDER BY id DESC;\")\n    rows = cur.fetchall()\n    cur.close(); conn.close()\n    out = \"\u003ch3\u003eNotes\u003c/h3\u003e\u003cul\u003e\"\n    for r in rows: out += f\"\u003cli\u003e{r[0]}: {r[1]}\u003c/li\u003e\"\n    return out + \"\u003c/ul\u003e\"\n\nif __name__ == \"__main__\":\n    app.run(host=\"0.0.0.0\", port=80)\nPY\n\ncat \u003e/etc/systemd/system/rdsapp.service \u003c\u003c'SERVICE'\n[Unit]\nDescription=EC2 to RDS Notes App\nAfter=network.target\n\n[Service]\nWorkingDirectory=/opt/rdsapp\nEnvironment=SECRET_ID=lab-1a/rds/mysql\nEnvironment=AWS_REGION=ap-northeast-1\nExecStart=/usr/bin/python3 /opt/rdsapp/app.py\nRestart=always\n\n[Install]\nWantedBy=multi-user.target\nSERVICE\n\ncat \u003e /opt/aws/amazon-cloudwatch-agent/etc/amazon-cloudwatch-agent.json \u003c\u003c 'EOF'\n{\n  \"logs\": {\n    \"logs_collected\": {\n      \"files\": {\n        \"collect_list\": [\n          {\n            \"file_path\": \"/opt/rdsapp/app.log\",\n            \"log_group_name\": \"/aws/ec2/lab-rds-app\",\n            \"log_stream_name\": \"{instance_id}\"\n          }\n        ]\n      }\n    }\n  }\n}\nEOF\n\n# Start the agent with the config\n/opt/aws/amazon-cloudwatch-agent/bin/amazon-cloudwatch-agent-ctl \\\n  -a fetch-config -m ec2 -c file:/opt/aws/amazon-cloudwatch-agent/etc/amazon-cloudwatch-agent.json -s\n\nsystemctl daemon-reload\nsystemctl enable rdsapp\nsystemctl start rdsapp",
            "user_data_base64": null,
            "user_data_replace_on_change": false,
            "volume_tags": null,
            "vpc_security_group_ids": [
              "sg-05d1ff8efbd11d40c"
            ]
          },
          "sensitive_attributes": [],
          "identity_schema_version": 0,
          "identity": {
            "account_id": "620812304994",
            "id": "i-07b29863a3989bb58",
            "region": "ap-northeast-1"
          },
          "private": "eyJlMmJmYjczMC1lY2FhLTExZTYtOGY4OC0zNDM2M2JjN2M0YzAiOnsiY3JlYXRlIjo2MDAwMDAwMDAwMDAsImRlbGV0ZSI6MTIwMDAwMDAwMDAwMCwicmVhZCI6OTAwMDAwMDAwMDAwLCJ1cGRhdGUiOjYwMDAwMDAwMDAwMH0sInNjaGVtYV92ZXJzaW9uIjoiMiJ9",
          "dependencies": [
            "aws_iam_instance_profile.chewbacca_instance_profile01",
            "aws_iam_role.chewbacca_ec2_role01",
            "aws_security_group.chewbacca_ec2_sg01",
            "aws_subnet.chewbacca_private_subnets",
            "aws_vpc.chewbacca_vpc01"
          ]
        }
      ]
    },
    {
      "mode": "managed",
      "type": "aws_internet_gateway",
      "name": "chewbacca_igw01",
      "provider": "provider[\"registry.terraform.io/hashicorp/aws\"]",
      "instances": [
        {
          "schema_version": 0,
          "attributes": {
            "arn": "arn:aws:ec2:ap-northeast-1:620812304994:internet-gateway/igw-0b4b76da9e3882169",
            "id": "igw-0b4b76da9e3882169",
            "owner_id": "620812304994",
            "region": "ap-northeast-1",
            "tags": {
              "Name": "lew-igw01"
            },
            "tags_all": {
              "Name": "lew-igw01"
            },
            "timeouts": null,
            "vpc_id": "vpc-0e69c2a5e1fea450c"
          },
          "sensitive_attributes": [],
          "identity_schema_version": 0,
          "private": "eyJlMmJmYjczMC1lY2FhLTExZTYtOGY4OC0zNDM2M2JjN2M0YzAiOnsiY3JlYXRlIjoxMjAwMDAwMDAwMDAwLCJkZWxldGUiOjEyMDAwMDAwMDAwMDAsInVwZGF0ZSI6MTIwMDAwMDAwMDAwMH19",
          "dependencies": [
            "aws_vpc.chewbacca_vpc01"
          ]
        }
      ]
    },
    {
      "mode": "managed",
      "type": "aws_lb",
      "name": "chewbacca_alb01",
      "provider": "provider[\"registry.terraform.io/hashicorp/aws\"]",
      "instances": [
        {
          "schema_version": 0,
          "attributes": {
            "access_logs": [
              {
                "bucket": "lew-alb-logs-620812304994",
                "enabled": true,
                "prefix": "alb-access-logs"
              }
            ],
            "arn": "arn:aws:elasticloadbalancing:ap-northeast-1:620812304994:loadbalancer/app/lew-alb01/5bacfef0e722326b",
            "arn_suffix": "app/lew-alb01/5bacfef0e722326b",
            "client_keep_alive": 3600,
            "connection_logs": [
              {
                "bucket": "",
                "enabled": false,
                "prefix": ""
              }
            ],
            "customer_owned_ipv4_pool": "",
            "desync_mitigation_mode": "defensive",
            "dns_name": "lew-alb01-604473024.ap-northeast-1.elb.amazonaws.com",
            "dns_record_client_routing_policy": null,
            "drop_invalid_header_fields": false,
            "enable_cross_zone_load_balancing": true,
            "enable_deletion_protection": false,
            "enable_http2": true,
            "enable_tls_version_and_cipher_suite_headers": false,
            "enable_waf_fail_open": false,
            "enable_xff_client_port": false,
            "enable_zonal_shift": false,
            "enforce_security_group_inbound_rules_on_private_link_traffic": "",
            "health_check_logs": [
              {
                "bucket": "",
                "enabled": false,
                "prefix": ""
              }
            ],
            "id": "arn:aws:elasticloadbalancing:ap-northeast-1:620812304994:loadbalancer/app/lew-alb01/5bacfef0e722326b",
            "idle_timeout": 60,
            "internal": false,
            "ip_address_type": "ipv4",
            "ipam_pools": [],
            "load_balancer_type": "application",
            "minimum_load_balancer_capacity": [],
            "name": "lew-alb01",
            "name_prefix": "",
            "preserve_host_header": false,
            "region": "ap-northeast-1",
            "secondary_ips_auto_assigned_per_subnet": null,
            "security_groups": [
              "sg-04745bee209f43d4e"
            ],
            "subnet_mapping": [
              {
                "allocation_id": "",
                "ipv6_address": "",
                "outpost_id": "",
                "private_ipv4_address": "",
                "subnet_id": "subnet-009458617990398dc"
              },
              {
                "allocation_id": "",
                "ipv6_address": "",
                "outpost_id": "",
                "private_ipv4_address": "",
                "subnet_id": "subnet-0825f48986e3bb5df"
              }
            ],
            "subnets": [
              "subnet-009458617990398dc",
              "subnet-0825f48986e3bb5df"
            ],
            "tags": {
              "Name": "lew-alb01"
            },
            "tags_all": {
              "Name": "lew-alb01"
            },
            "timeouts": null,
            "vpc_id": "vpc-0e69c2a5e1fea450c",
            "xff_header_processing_mode": "append",
            "zone_id": "Z14GRHDCWA56QT"
          },
          "sensitive_attributes": [],
          "identity_schema_version": 0,
          "identity": {
            "arn": "arn:aws:elasticloadbalancing:ap-northeast-1:620812304994:loadbalancer/app/lew-alb01/5bacfef0e722326b"
          },
          "private": "eyJlMmJmYjczMC1lY2FhLTExZTYtOGY4OC0zNDM2M2JjN2M0YzAiOnsiY3JlYXRlIjo2MDAwMDAwMDAwMDAsImRlbGV0ZSI6NjAwMDAwMDAwMDAwLCJ1cGRhdGUiOjYwMDAwMDAwMDAwMH19",
          "dependencies": [
            "aws_s3_bucket.chewbacca_alb_logs_bucket01",
            "aws_security_group.chewbacca_alb_sg01",
            "aws_subnet.chewbacca_public_subnets",
            "aws_vpc.chewbacca_vpc01",
            "data.aws_caller_identity.chewbacca_self01"
          ]
        }
      ]
    },
    {
      "mode": "managed",
      "type": "aws_lb_listener",
      "name": "chewbacca_http_listener01",
      "provider": "provider[\"registry.terraform.io/hashicorp/aws\"]",
      "instances": [
        {
          "schema_version": 0,
          "attributes": {
            "alpn_policy": null,
            "arn": "arn:aws:elasticloadbalancing:ap-northeast-1:620812304994:listener/app/lew-alb01/5bacfef0e722326b/dc0192f5d32663f1",
            "certificate_arn": null,
            "default_action": [
              {
                "authenticate_cognito": [],
                "authenticate_oidc": [],
                "fixed_response": [],
                "forward": [],
                "jwt_validation": [],
                "order": 1,
                "redirect": [
                  {
                    "host": "#{host}",
                    "path": "/#{path}",
                    "port": "443",
                    "protocol": "HTTPS",
                    "query": "#{query}",
                    "status_code": "HTTP_301"
                  }
                ],
                "target_group_arn": "",
                "type": "redirect"
              }
            ],
            "id": "arn:aws:elasticloadbalancing:ap-northeast-1:620812304994:listener/app/lew-alb01/5bacfef0e722326b/dc0192f5d32663f1",
            "load_balancer_arn": "arn:aws:elasticloadbalancing:ap-northeast-1:620812304994:loadbalancer/app/lew-alb01/5bacfef0e722326b",
            "mutual_authentication": [],
            "port": 80,
            "protocol": "HTTP",
            "region": "ap-northeast-1",
            "routing_http_request_x_amzn_mtls_clientcert_header_name": null,
            "routing_http_request_x_amzn_mtls_clientcert_issuer_header_name": null,
            "routing_http_request_x_amzn_mtls_clientcert_leaf_header_name": null,
            "routing_http_request_x_amzn_mtls_clientcert_serial_number_header_name": null,
            "routing_http_request_x_amzn_mtls_clientcert_subject_header_name": null,
            "routing_http_request_x_amzn_mtls_clientcert_validity_header_name": null,
            "routing_http_request_x_amzn_tls_cipher_suite_header_name": null,
            "routing_http_request_x_amzn_tls_version_header_name": null,
            "routing_http_response_access_control_allow_credentials_header_value": "",
            "routing_http_response_access_control_allow_headers_header_value": "",
            "routing_http_response_access_control_allow_methods_header_value": "",
            "routing_http_response_access_control_allow_origin_header_value": "",
            "routing_http_response_access_control_expose_headers_header_value": "",
            "routing_http_response_access_control_max_age_header_value": "",
            "routing_http_response_content_security_policy_header_value": "",
            "routing_http_response_server_enabled": true,
            "routing_http_response_strict_transport_security_header_value": "",
            "routing_http_response_x_content_type_options_header_value": "",
            "routing_http_response_x_frame_options_header_value": "",
            "ssl_policy": "",
            "tags": {},
            "tags_all": {},
            "tcp_idle_timeout_seconds": null,
            "timeouts": null
          },
          "sensitive_attributes": [],
          "identity_schema_version": 0,
          "identity": {
            "arn": "arn:aws:elasticloadbalancing:ap-northeast-1:620812304994:listener/app/lew-alb01/5bacfef0e722326b/dc0192f5d32663f1"
          },
          "private": "eyJlMmJmYjczMC1lY2FhLTExZTYtOGY4OC0zNDM2M2JjN2M0YzAiOnsiY3JlYXRlIjozMDAwMDAwMDAwMDAsInVwZGF0ZSI6MzAwMDAwMDAwMDAwfX0=",
          "dependencies": [
            "aws_lb.chewbacca_alb01",
            "aws_s3_bucket.chewbacca_alb_logs_bucket01",
            "aws_security_group.chewbacca_alb_sg01",
            "aws_subnet.chewbacca_public_subnets",
            "aws_vpc.chewbacca_vpc01",
            "data.aws_caller_identity.chewbacca_self01"
          ]
        }
      ]
    },
    {
      "mode": "managed",
      "type": "aws_lb_listener",
      "name": "chewbacca_https_listener01",
      "provider": "provider[\"registry.terraform.io/hashicorp/aws\"]",
      "instances": [
        {
          "schema_version": 0,
          "attributes": {
            "alpn_policy": null,
            "arn": "arn:aws:elasticloadbalancing:ap-northeast-1:620812304994:listener/app/lew-alb01/5bacfef0e722326b/313c0127bd5c4dd6",
            "certificate_arn": "arn:aws:acm:ap-northeast-1:620812304994:certificate/bf09fcc7-c028-40ba-9363-33d43c982141",
            "default_action": [
              {
                "authenticate_cognito": [],
                "authenticate_oidc": [],
                "fixed_response": [],
                "forward": [],
                "jwt_validation": [],
                "order": 1,
                "redirect": [],
                "target_group_arn": "arn:aws:elasticloadbalancing:ap-northeast-1:620812304994:targetgroup/lew-tg01/859f45e80f1a159f",
                "type": "forward"
              }
            ],
            "id": "arn:aws:elasticloadbalancing:ap-northeast-1:620812304994:listener/app/lew-alb01/5bacfef0e722326b/313c0127bd5c4dd6",
            "load_balancer_arn": "arn:aws:elasticloadbalancing:ap-northeast-1:620812304994:loadbalancer/app/lew-alb01/5bacfef0e722326b",
            "mutual_authentication": [
              {
                "advertise_trust_store_ca_names": "",
                "ignore_client_certificate_expiry": false,
                "mode": "off",
                "trust_store_arn": ""
              }
            ],
            "port": 443,
            "protocol": "HTTPS",
            "region": "ap-northeast-1",
            "routing_http_request_x_amzn_mtls_clientcert_header_name": "",
            "routing_http_request_x_amzn_mtls_clientcert_issuer_header_name": "",
            "routing_http_request_x_amzn_mtls_clientcert_leaf_header_name": "",
            "routing_http_request_x_amzn_mtls_clientcert_serial_number_header_name": "",
            "routing_http_request_x_amzn_mtls_clientcert_subject_header_name": "",
            "routing_http_request_x_amzn_mtls_clientcert_validity_header_name": "",
            "routing_http_request_x_amzn_tls_cipher_suite_header_name": "",
            "routing_http_request_x_amzn_tls_version_header_name": "",
            "routing_http_response_access_control_allow_credentials_header_value": "",
            "routing_http_response_access_control_allow_headers_header_value": "",
            "routing_http_response_access_control_allow_methods_header_value": "",
            "routing_http_response_access_control_allow_origin_header_value": "",
            "routing_http_response_access_control_expose_headers_header_value": "",
            "routing_http_response_access_control_max_age_header_value": "",
            "routing_http_response_content_security_policy_header_value": "",
            "routing_http_response_server_enabled": true,
            "routing_http_response_strict_transport_security_header_value": "",
            "routing_http_response_x_content_type_options_header_value": "",
            "routing_http_response_x_frame_options_header_value": "",
            "ssl_policy": "ELBSecurityPolicy-TLS13-1-2-2021-06",
            "tags": {},
            "tags_all": {},
            "tcp_idle_timeout_seconds": null,
            "timeouts": null
          },
          "sensitive_attributes": [],
          "identity_schema_version": 0,
          "identity": {
            "arn": "arn:aws:elasticloadbalancing:ap-northeast-1:620812304994:listener/app/lew-alb01/5bacfef0e722326b/313c0127bd5c4dd6"
          },
          "private": "eyJlMmJmYjczMC1lY2FhLTExZTYtOGY4OC0zNDM2M2JjN2M0YzAiOnsiY3JlYXRlIjozMDAwMDAwMDAwMDAsInVwZGF0ZSI6MzAwMDAwMDAwMDAwfX0=",
          "dependencies": [
            "aws_acm_certificate.chewbacca_acm_cert01",
            "aws_acm_certificate_validation.chewbacca_acm_validation01_dns_bonus",
            "aws_lb.chewbacca_alb01",
            "aws_lb_target_group.chewbacca_tg01",
            "aws_route53_record.chewbacca_acm_validation_records01",
            "aws_route53_zone.chewbacca_zone01",
            "aws_s3_bucket.chewbacca_alb_logs_bucket01",
            "aws_security_group.chewbacca_alb_sg01",
            "aws_subnet.chewbacca_public_subnets",
            "aws_vpc.chewbacca_vpc01",
            "data.aws_caller_identity.chewbacca_self01"
          ]
        }
      ]
    },
    {
      "mode": "managed",
      "type": "aws_lb_target_group",
      "name": "chewbacca_tg01",
      "provider": "provider[\"registry.terraform.io/hashicorp/aws\"]",
      "instances": [
        {
          "schema_version": 0,
          "attributes": {
            "arn": "arn:aws:elasticloadbalancing:ap-northeast-1:620812304994:targetgroup/lew-tg01/859f45e80f1a159f",
            "arn_suffix": "targetgroup/lew-tg01/859f45e80f1a159f",
            "connection_termination": null,
            "deregistration_delay": "300",
            "health_check": [
              {
                "enabled": true,
                "healthy_threshold": 2,
                "interval": 30,
                "matcher": "200-399",
                "path": "/",
                "port": "traffic-port",
                "protocol": "HTTP",
                "timeout": 5,
                "unhealthy_threshold": 2
              }
            ],
            "id": "arn:aws:elasticloadbalancing:ap-northeast-1:620812304994:targetgroup/lew-tg01/859f45e80f1a159f",
            "ip_address_type": "ipv4",
            "lambda_multi_value_headers_enabled": false,
            "load_balancer_arns": [
              "arn:aws:elasticloadbalancing:ap-northeast-1:620812304994:loadbalancer/app/lew-alb01/5bacfef0e722326b"
            ],
            "load_balancing_algorithm_type": "round_robin",
            "load_balancing_anomaly_mitigation": "off",
            "load_balancing_cross_zone_enabled": "use_load_balancer_configuration",
            "name": "lew-tg01",
            "name_prefix": "",
            "port": 80,
            "preserve_client_ip": null,
            "protocol": "HTTP",
            "protocol_version": "HTTP1",
            "proxy_protocol_v2": false,
            "region": "ap-northeast-1",
            "slow_start": 0,
            "stickiness": [
              {
                "cookie_duration": 86400,
                "cookie_name": "",
                "enabled": false,
                "type": "lb_cookie"
              }
            ],
            "tags": {
              "Name": "lew-tg01"
            },
            "tags_all": {
              "Name": "lew-tg01"
            },
            "target_control_port": 0,
            "target_failover": [
              {
                "on_deregistration": null,
                "on_unhealthy": null
              }
            ],
            "target_group_health": [
              {
                "dns_failover": [
                  {
                    "minimum_healthy_targets_count": "1",
                    "minimum_healthy_targets_percentage": "off"
                  }
                ],
                "unhealthy_state_routing": [
                  {
                    "minimum_healthy_targets_count": 1,
                    "minimum_healthy_targets_percentage": "off"
                  }
                ]
              }
            ],
            "target_health_state": [
              {
                "enable_unhealthy_connection_termination": null,
                "unhealthy_draining_interval": null
              }
            ],
            "target_type": "instance",
            "vpc_id": "vpc-0e69c2a5e1fea450c"
          },
          "sensitive_attributes": [],
          "identity_schema_version": 0,
          "identity": {
            "arn": "arn:aws:elasticloadbalancing:ap-northeast-1:620812304994:targetgroup/lew-tg01/859f45e80f1a159f"
          },
          "private": "bnVsbA==",
          "dependencies": [
            "aws_vpc.chewbacca_vpc01"
          ]
        }
      ]
    },
    {
      "mode": "managed",
      "type": "aws_lb_target_group_attachment",
      "name": "chewbacca_tg_attach01",
      "provider": "provider[\"registry.terraform.io/hashicorp/aws\"]",
      "instances": [
        {
          "schema_version": 0,
          "attributes": {
            "availability_zone": null,
            "id": "arn:aws:elasticloadbalancing:ap-northeast-1:620812304994:targetgroup/lew-tg01/859f45e80f1a159f-2026012402224309280000000f",
            "port": 80,
            "quic_server_id": null,
            "region": "ap-northeast-1",
            "target_group_arn": "arn:aws:elasticloadbalancing:ap-northeast-1:620812304994:targetgroup/lew-tg01/859f45e80f1a159f",
            "target_id": "i-07b29863a3989bb58"
          },
          "sensitive_attributes": [],
          "identity_schema_version": 0,
          "private": "bnVsbA==",
          "dependencies": [
            "aws_iam_instance_profile.chewbacca_instance_profile01",
            "aws_iam_role.chewbacca_ec2_role01",
            "aws_instance.chewbacca_ec201_private_bonus",
            "aws_lb_target_group.chewbacca_tg01",
            "aws_security_group.chewbacca_ec2_sg01",
            "aws_subnet.chewbacca_private_subnets",
            "aws_vpc.chewbacca_vpc01"
          ]
        }
      ]
    },
    {
      "mode": "managed",
      "type": "aws_nat_gateway",
      "name": "chewbacca_nat01",
      "provider": "provider[\"registry.terraform.io/hashicorp/aws\"]",
      "instances": [
        {
          "schema_version": 0,
          "attributes": {
            "allocation_id": "eipalloc-03bfb2d937c32fbbc",
            "association_id": "eipassoc-0cd50c4fb08d25bcf",
            "auto_provision_zones": null,
            "auto_scaling_ips": null,
            "availability_mode": "zonal",
            "availability_zone_address": [],
            "connectivity_type": "public",
            "id": "nat-0f86667252afeeb7b",
            "network_interface_id": "eni-0be891686db1509fa",
            "private_ip": "10.17.1.22",
            "public_ip": "54.95.236.142",
            "region": "ap-northeast-1",
            "regional_nat_gateway_address": [],
            "regional_nat_gateway_auto_mode": null,
            "route_table_id": null,
            "secondary_allocation_ids": [],
            "secondary_private_ip_address_count": 0,
            "secondary_private_ip_addresses": [],
            "subnet_id": "subnet-009458617990398dc",
            "tags": {
              "Name": "lew-nat01"
            },
            "tags_all": {
              "Name": "lew-nat01"
            },
            "timeouts": null,
            "vpc_id": "vpc-0e69c2a5e1fea450c"
          },
          "sensitive_attributes": [],
          "identity_schema_version": 0,
          "private": "eyJlMmJmYjczMC1lY2FhLTExZTYtOGY4OC0zNDM2M2JjN2M0YzAiOnsiY3JlYXRlIjo2MDAwMDAwMDAwMDAsImRlbGV0ZSI6MTgwMDAwMDAwMDAwMCwidXBkYXRlIjo2MDAwMDAwMDAwMDB9fQ==",
          "dependencies": [
            "aws_eip.chewbacca_nat_eip01",
            "aws_internet_gateway.chewbacca_igw01",
            "aws_subnet.chewbacca_public_subnets",
            "aws_vpc.chewbacca_vpc01"
          ]
        }
      ]
    },
    {
      "mode": "managed",
      "type": "aws_route",
      "name": "chewbacca_private_default_route",
      "provider": "provider[\"registry.terraform.io/hashicorp/aws\"]",
      "instances": [
        {
          "schema_version": 0,
          "attributes": {
            "carrier_gateway_id": "",
            "core_network_arn": "",
            "destination_cidr_block": "0.0.0.0/0",
            "destination_ipv6_cidr_block": "",
            "destination_prefix_list_id": "",
            "egress_only_gateway_id": "",
            "gateway_id": "",
            "id": "r-rtb-05990cf2335848e2c1080289494",
            "instance_id": "",
            "instance_owner_id": "",
            "local_gateway_id": "",
            "nat_gateway_id": "nat-0f86667252afeeb7b",
            "network_interface_id": "",
            "origin": "CreateRoute",
            "region": "ap-northeast-1",
            "route_table_id": "rtb-05990cf2335848e2c",
            "state": "active",
            "timeouts": null,
            "transit_gateway_id": "",
            "vpc_endpoint_id": "",
            "vpc_peering_connection_id": ""
          },
          "sensitive_attributes": [],
          "identity_schema_version": 0,
          "identity": {
            "account_id": "620812304994",
            "destination_cidr_block": "0.0.0.0/0",
            "destination_ipv6_cidr_block": null,
            "destination_prefix_list_id": null,
            "region": "ap-northeast-1",
            "route_table_id": "rtb-05990cf2335848e2c"
          },
          "private": "eyJlMmJmYjczMC1lY2FhLTExZTYtOGY4OC0zNDM2M2JjN2M0YzAiOnsiY3JlYXRlIjozMDAwMDAwMDAwMDAsImRlbGV0ZSI6MzAwMDAwMDAwMDAwLCJ1cGRhdGUiOjEyMDAwMDAwMDAwMH19",
          "dependencies": [
            "aws_eip.chewbacca_nat_eip01",
            "aws_internet_gateway.chewbacca_igw01",
            "aws_nat_gateway.chewbacca_nat01",
            "aws_route_table.chewbacca_private_rt01",
            "aws_subnet.chewbacca_public_subnets",
            "aws_vpc.chewbacca_vpc01"
          ]
        }
      ]
    },
    {
      "mode": "managed",
      "type": "aws_route",
      "name": "chewbacca_public_default_route",
      "provider": "provider[\"registry.terraform.io/hashicorp/aws\"]",
      "instances": [
        {
          "schema_version": 0,
          "attributes": {
            "carrier_gateway_id": "",
            "core_network_arn": "",
            "destination_cidr_block": "0.0.0.0/0",
            "destination_ipv6_cidr_block": "",
            "destination_prefix_list_id": "",
            "egress_only_gateway_id": "",
            "gateway_id": "igw-0b4b76da9e3882169",
            "id": "r-rtb-0c1847f233ba3a8361080289494",
            "instance_id": "",
            "instance_owner_id": "",
            "local_gateway_id": "",
            "nat_gateway_id": "",
            "network_interface_id": "",
            "origin": "CreateRoute",
            "region": "ap-northeast-1",
            "route_table_id": "rtb-0c1847f233ba3a836",
            "state": "active",
            "timeouts": null,
            "transit_gateway_id": "",
            "vpc_endpoint_id": "",
            "vpc_peering_connection_id": ""
          },
          "sensitive_attributes": [],
          "identity_schema_version": 0,
          "identity": {
            "account_id": "620812304994",
            "destination_cidr_block": "0.0.0.0/0",
            "destination_ipv6_cidr_block": null,
            "destination_prefix_list_id": null,
            "region": "ap-northeast-1",
            "route_table_id": "rtb-0c1847f233ba3a836"
          },
          "private": "eyJlMmJmYjczMC1lY2FhLTExZTYtOGY4OC0zNDM2M2JjN2M0YzAiOnsiY3JlYXRlIjozMDAwMDAwMDAwMDAsImRlbGV0ZSI6MzAwMDAwMDAwMDAwLCJ1cGRhdGUiOjEyMDAwMDAwMDAwMH19",
          "dependencies": [
            "aws_internet_gateway.chewbacca_igw01",
            "aws_route_table.chewbacca_public_rt01",
            "aws_vpc.chewbacca_vpc01"
          ]
        }
      ]
    },
    {
      "mode": "managed",
      "type": "aws_route53_record",
      "name": "chewbacca_acm_validation",
      "provider": "provider[\"registry.terraform.io/hashicorp/aws\"]",
      "instances": [
        {
          "schema_version": 2,
          "attributes": {
            "alias": [
              {
                "evaluate_target_health": true,
                "name": "lew-alb01-604473024.ap-northeast-1.elb.amazonaws.com",
                "zone_id": "Z14GRHDCWA56QT"
              }
            ],
            "allow_overwrite": null,
            "cidr_routing_policy": [],
            "failover_routing_policy": [],
            "fqdn": "app.lewsdomain.com",
            "geolocation_routing_policy": [],
            "geoproximity_routing_policy": [],
            "health_check_id": "",
            "id": "Z0031551HXI0QF6FCLFC_app.lewsdomain.com_A",
            "latency_routing_policy": [],
            "multivalue_answer_routing_policy": false,
            "name": "app.lewsdomain.com",
            "records": [],
            "set_identifier": "",
            "timeouts": null,
            "ttl": 0,
            "type": "A",
            "weighted_routing_policy": [],
            "zone_id": "Z0031551HXI0QF6FCLFC"
          },
          "sensitive_attributes": [],
          "identity_schema_version": 0,
          "identity": {
            "account_id": "620812304994",
            "name": "app.lewsdomain.com",
            "set_identifier": null,
            "type": "A",
            "zone_id": "Z0031551HXI0QF6FCLFC"
          },
          "private": "eyJlMmJmYjczMC1lY2FhLTExZTYtOGY4OC0zNDM2M2JjN2M0YzAiOnsiY3JlYXRlIjoxODAwMDAwMDAwMDAwLCJkZWxldGUiOjE4MDAwMDAwMDAwMDAsInVwZGF0ZSI6MTgwMDAwMDAwMDAwMH0sInNjaGVtYV92ZXJzaW9uIjoiMiJ9",
          "dependencies": [
            "aws_lb.chewbacca_alb01",
            "aws_route53_zone.chewbacca_zone01",
            "aws_s3_bucket.chewbacca_alb_logs_bucket01",
            "aws_security_group.chewbacca_alb_sg01",
            "aws_subnet.chewbacca_public_subnets",
            "aws_vpc.chewbacca_vpc01",
            "data.aws_caller_identity.chewbacca_self01"
          ]
        }
      ]
    },
    {
      "mode": "managed",
      "type": "aws_route53_record",
      "name": "chewbacca_acm_validation_records01",
      "provider": "provider[\"registry.terraform.io/hashicorp/aws\"]",
      "instances": [
        {
          "index_key": "app.lewsdomain.com",
          "schema_version": 2,
          "attributes": {
            "alias": [],
            "allow_overwrite": null,
            "cidr_routing_policy": [],
            "failover_routing_policy": [],
            "fqdn": "_8cbca3bc449fa10f96140568325d37ce.app.lewsdomain.com",
            "geolocation_routing_policy": [],
            "geoproximity_routing_policy": [],
            "health_check_id": "",
            "id": "Z0031551HXI0QF6FCLFC__8cbca3bc449fa10f96140568325d37ce.app.lewsdomain.com._CNAME",
            "latency_routing_policy": [],
            "multivalue_answer_routing_policy": false,
            "name": "_8cbca3bc449fa10f96140568325d37ce.app.lewsdomain.com",
            "records": [
              "_0e5b2d1b11f18b3b0f8a46db179df9e1.jkddzztszm.acm-validations.aws."
            ],
            "set_identifier": "",
            "timeouts": null,
            "ttl": 60,
            "type": "CNAME",
            "weighted_routing_policy": [],
            "zone_id": "Z0031551HXI0QF6FCLFC"
          },
          "sensitive_attributes": [],
          "identity_schema_version": 0,
          "identity": {
            "account_id": "620812304994",
            "name": "_8cbca3bc449fa10f96140568325d37ce.app.lewsdomain.com",
            "set_identifier": null,
            "type": "CNAME",
            "zone_id": "Z0031551HXI0QF6FCLFC"
          },
          "private": "eyJlMmJmYjczMC1lY2FhLTExZTYtOGY4OC0zNDM2M2JjN2M0YzAiOnsiY3JlYXRlIjoxODAwMDAwMDAwMDAwLCJkZWxldGUiOjE4MDAwMDAwMDAwMDAsInVwZGF0ZSI6MTgwMDAwMDAwMDAwMH0sInNjaGVtYV92ZXJzaW9uIjoiMiJ9",
          "dependencies": [
            "aws_acm_certificate.chewbacca_acm_cert01",
            "aws_route53_zone.chewbacca_zone01"
          ]
        }
      ]
    },
    {
      "mode": "managed",
      "type": "aws_route53_record",
      "name": "chewbacca_apex_alias01",
      "provider": "provider[\"registry.terraform.io/hashicorp/aws\"]",
      "instances": [
        {
          "schema_version": 2,
          "attributes": {
            "alias": [
              {
                "evaluate_target_health": true,
                "name": "lew-alb01-604473024.ap-northeast-1.elb.amazonaws.com",
                "zone_id": "Z14GRHDCWA56QT"
              }
            ],
            "allow_overwrite": null,
            "cidr_routing_policy": [],
            "failover_routing_policy": [],
            "fqdn": "lewsdomain.com",
            "geolocation_routing_policy": [],
            "geoproximity_routing_policy": [],
            "health_check_id": "",
            "id": "Z0031551HXI0QF6FCLFC_lewsdomain.com_A",
            "latency_routing_policy": [],
            "multivalue_answer_routing_policy": false,
            "name": "lewsdomain.com",
            "records": [],
            "set_identifier": "",
            "timeouts": null,
            "ttl": 0,
            "type": "A",
            "weighted_routing_policy": [],
            "zone_id": "Z0031551HXI0QF6FCLFC"
          },
          "sensitive_attributes": [],
          "identity_schema_version": 0,
          "identity": {
            "account_id": "620812304994",
            "name": "lewsdomain.com",
            "set_identifier": null,
            "type": "A",
            "zone_id": "Z0031551HXI0QF6FCLFC"
          },
          "private": "eyJlMmJmYjczMC1lY2FhLTExZTYtOGY4OC0zNDM2M2JjN2M0YzAiOnsiY3JlYXRlIjoxODAwMDAwMDAwMDAwLCJkZWxldGUiOjE4MDAwMDAwMDAwMDAsInVwZGF0ZSI6MTgwMDAwMDAwMDAwMH0sInNjaGVtYV92ZXJzaW9uIjoiMiJ9",
          "dependencies": [
            "aws_lb.chewbacca_alb01",
            "aws_route53_zone.chewbacca_zone01",
            "aws_s3_bucket.chewbacca_alb_logs_bucket01",
            "aws_security_group.chewbacca_alb_sg01",
            "aws_subnet.chewbacca_public_subnets",
            "aws_vpc.chewbacca_vpc01",
            "data.aws_caller_identity.chewbacca_self01"
          ]
        }
      ]
    },
    {
      "mode": "managed",
      "type": "aws_route53_zone",
      "name": "chewbacca_zone01",
      "provider": "provider[\"registry.terraform.io/hashicorp/aws\"]",
      "instances": [
        {
          "index_key": 0,
          "schema_version": 0,
          "attributes": {
            "arn": "arn:aws:route53:::hostedzone/Z0031551HXI0QF6FCLFC",
            "comment": "Managed by Terraform",
            "delegation_set_id": "",
            "enable_accelerated_recovery": false,
            "force_destroy": false,
            "id": "Z0031551HXI0QF6FCLFC",
            "name": "lewsdomain.com",
            "name_servers": [
              "ns-1031.awsdns-00.org",
              "ns-1715.awsdns-22.co.uk",
              "ns-632.awsdns-15.net",
              "ns-99.awsdns-12.com"
            ],
            "primary_name_server": "ns-632.awsdns-15.net",
            "tags": {
              "Name": "lew-zone01"
            },
            "tags_all": {
              "Name": "lew-zone01"
            },
            "timeouts": null,
            "vpc": [],
            "zone_id": "Z0031551HXI0QF6FCLFC"
          },
          "sensitive_attributes": [],
          "identity_schema_version": 0,
          "private": "eyJlMmJmYjczMC1lY2FhLTExZTYtOGY4OC0zNDM2M2JjN2M0YzAiOnsiY3JlYXRlIjoxODAwMDAwMDAwMDAwLCJkZWxldGUiOjE4MDAwMDAwMDAwMDAsInVwZGF0ZSI6MTgwMDAwMDAwMDAwMH19"
        }
      ]
    },
    {
      "mode": "managed",
      "type": "aws_route_table",
      "name": "chewbacca_private_rt01",
      "provider": "provider[\"registry.terraform.io/hashicorp/aws\"]",
      "instances": [
        {
          "schema_version": 0,
          "attributes": {
            "arn": "arn:aws:ec2:ap-northeast-1:620812304994:route-table/rtb-05990cf2335848e2c",
            "id": "rtb-05990cf2335848e2c",
            "owner_id": "620812304994",
            "propagating_vgws": [],
            "region": "ap-northeast-1",
            "route": [
              {
                "carrier_gateway_id": "",
                "cidr_block": "0.0.0.0/0",
                "core_network_arn": "",
                "destination_prefix_list_id": "",
                "egress_only_gateway_id": "",
                "gateway_id": "",
                "ipv6_cidr_block": "",
                "local_gateway_id": "",
                "nat_gateway_id": "nat-0f86667252afeeb7b",
                "network_interface_id": "",
                "transit_gateway_id": "",
                "vpc_endpoint_id": "",
                "vpc_peering_connection_id": ""
              }
            ],
            "tags": {
              "Name": "lew-private-rt01"
            },
            "tags_all": {
              "Name": "lew-private-rt01"
            },
            "timeouts": null,
            "vpc_id": "vpc-0e69c2a5e1fea450c"
          },
          "sensitive_attributes": [],
          "identity_schema_version": 0,
          "identity": {
            "account_id": "620812304994",
            "id": "rtb-05990cf2335848e2c",
            "region": "ap-northeast-1"
          },
          "private": "eyJlMmJmYjczMC1lY2FhLTExZTYtOGY4OC0zNDM2M2JjN2M0YzAiOnsiY3JlYXRlIjozMDAwMDAwMDAwMDAsImRlbGV0ZSI6MzAwMDAwMDAwMDAwLCJ1cGRhdGUiOjEyMDAwMDAwMDAwMH19",
          "dependencies": [
            "aws_vpc.chewbacca_vpc01"
          ]
        }
      ]
    },
    {
      "mode": "managed",
      "type": "aws_route_table",
      "name": "chewbacca_public_rt01",
      "provider": "provider[\"registry.terraform.io/hashicorp/aws\"]",
      "instances": [
        {
          "schema_version": 0,
          "attributes": {
            "arn": "arn:aws:ec2:ap-northeast-1:620812304994:route-table/rtb-0c1847f233ba3a836",
            "id": "rtb-0c1847f233ba3a836",
            "owner_id": "620812304994",
            "propagating_vgws": [],
            "region": "ap-northeast-1",
            "route": [
              {
                "carrier_gateway_id": "",
                "cidr_block": "0.0.0.0/0",
                "core_network_arn": "",
                "destination_prefix_list_id": "",
                "egress_only_gateway_id": "",
                "gateway_id": "igw-0b4b76da9e3882169",
                "ipv6_cidr_block": "",
                "local_gateway_id": "",
                "nat_gateway_id": "",
                "network_interface_id": "",
                "transit_gateway_id": "",
                "vpc_endpoint_id": "",
                "vpc_peering_connection_id": ""
              }
            ],
            "tags": {
              "Name": "lew-public-rt01"
            },
            "tags_all": {
              "Name": "lew-public-rt01"
            },
            "timeouts": null,
            "vpc_id": "vpc-0e69c2a5e1fea450c"
          },
          "sensitive_attributes": [],
          "identity_schema_version": 0,
          "identity": {
            "account_id": "620812304994",
            "id": "rtb-0c1847f233ba3a836",
            "region": "ap-northeast-1"
          },
          "private": "eyJlMmJmYjczMC1lY2FhLTExZTYtOGY4OC0zNDM2M2JjN2M0YzAiOnsiY3JlYXRlIjozMDAwMDAwMDAwMDAsImRlbGV0ZSI6MzAwMDAwMDAwMDAwLCJ1cGRhdGUiOjEyMDAwMDAwMDAwMH19",
          "dependencies": [
            "aws_vpc.chewbacca_vpc01"
          ]
        }
      ]
    },
    {
      "mode": "managed",
      "type": "aws_route_table_association",
      "name": "chewbacca_private_rta",
      "provider": "provider[\"registry.terraform.io/hashicorp/aws\"]",
      "instances": [
        {
          "index_key": 0,
          "schema_version": 0,
          "attributes": {
            "gateway_id": "",
            "id": "rtbassoc-0d27704b452c81a17",
            "region": "ap-northeast-1",
            "route_table_id": "rtb-05990cf2335848e2c",
            "subnet_id": "subnet-0763eb4614e21ea66",
            "timeouts": null
          },
          "sensitive_attributes": [],
          "identity_schema_version": 0,
          "private": "eyJlMmJmYjczMC1lY2FhLTExZTYtOGY4OC0zNDM2M2JjN2M0YzAiOnsiY3JlYXRlIjozMDAwMDAwMDAwMDAsImRlbGV0ZSI6MzAwMDAwMDAwMDAwLCJ1cGRhdGUiOjEyMDAwMDAwMDAwMH19",
          "dependencies": [
            "aws_route_table.chewbacca_private_rt01",
            "aws_subnet.chewbacca_private_subnets",
            "aws_vpc.chewbacca_vpc01"
          ]
        },
        {
          "index_key": 1,
          "schema_version": 0,
          "attributes": {
            "gateway_id": "",
            "id": "rtbassoc-07cd0dd22663fbde8",
            "region": "ap-northeast-1",
            "route_table_id": "rtb-05990cf2335848e2c",
            "subnet_id": "subnet-0e25bf6955aba2bf8",
            "timeouts": null
          },
          "sensitive_attributes": [],
          "identity_schema_version": 0,
          "private": "eyJlMmJmYjczMC1lY2FhLTExZTYtOGY4OC0zNDM2M2JjN2M0YzAiOnsiY3JlYXRlIjozMDAwMDAwMDAwMDAsImRlbGV0ZSI6MzAwMDAwMDAwMDAwLCJ1cGRhdGUiOjEyMDAwMDAwMDAwMH19",
          "dependencies": [
            "aws_route_table.chewbacca_private_rt01",
            "aws_subnet.chewbacca_private_subnets",
            "aws_vpc.chewbacca_vpc01"
          ]
        }
      ]
    },
    {
      "mode": "managed",
      "type": "aws_route_table_association",
      "name": "chewbacca_public_rta",
      "provider": "provider[\"registry.terraform.io/hashicorp/aws\"]",
      "instances": [
        {
          "index_key": 0,
          "schema_version": 0,
          "attributes": {
            "gateway_id": "",
            "id": "rtbassoc-0ba6dd8eead623a15",
            "region": "ap-northeast-1",
            "route_table_id": "rtb-0c1847f233ba3a836",
            "subnet_id": "subnet-009458617990398dc",
            "timeouts": null
          },
          "sensitive_attributes": [],
          "identity_schema_version": 0,
          "private": "eyJlMmJmYjczMC1lY2FhLTExZTYtOGY4OC0zNDM2M2JjN2M0YzAiOnsiY3JlYXRlIjozMDAwMDAwMDAwMDAsImRlbGV0ZSI6MzAwMDAwMDAwMDAwLCJ1cGRhdGUiOjEyMDAwMDAwMDAwMH19",
          "dependencies": [
            "aws_route_table.chewbacca_public_rt01",
            "aws_subnet.chewbacca_public_subnets",
            "aws_vpc.chewbacca_vpc01"
          ]
        },
        {
          "index_key": 1,
          "schema_version": 0,
          "attributes": {
            "gateway_id": "",
            "id": "rtbassoc-0039f850af398458a",
            "region": "ap-northeast-1",
            "route_table_id": "rtb-0c1847f233ba3a836",
            "subnet_id": "subnet-0825f48986e3bb5df",
            "timeouts": null
          },
          "sensitive_attributes": [],
          "identity_schema_version": 0,
          "private": "eyJlMmJmYjczMC1lY2FhLTExZTYtOGY4OC0zNDM2M2JjN2M0YzAiOnsiY3JlYXRlIjozMDAwMDAwMDAwMDAsImRlbGV0ZSI6MzAwMDAwMDAwMDAwLCJ1cGRhdGUiOjEyMDAwMDAwMDAwMH19",
          "dependencies": [
            "aws_route_table.chewbacca_public_rt01",
            "aws_subnet.chewbacca_public_subnets",
            "aws_vpc.chewbacca_vpc01"
          ]
        }
      ]
    },
    {
      "mode": "managed",
      "type": "aws_s3_bucket",
      "name": "chewbacca_alb_logs_bucket01",
      "provider": "provider[\"registry.terraform.io/hashicorp/aws\"]",
      "instances": [
        {
          "index_key": 0,
          "schema_version": 0,
          "attributes": {
            "acceleration_status": "",
            "acl": null,
            "arn": "arn:aws:s3:::lew-alb-logs-620812304994",
            "bucket": "lew-alb-logs-620812304994",
            "bucket_domain_name": "lew-alb-logs-620812304994.s3.amazonaws.com",
            "bucket_prefix": "",
            "bucket_region": "ap-northeast-1",
            "bucket_regional_domain_name": "lew-alb-logs-620812304994.s3.ap-northeast-1.amazonaws.com",
            "cors_rule": [],
            "force_destroy": false,
            "grant": [
              {
                "id": "e64610df14e5887fc8aea84c01795aff2d03365f23ea331ca5a793010ce8a8a3",
                "permissions": [
                  "FULL_CONTROL"
                ],
                "type": "CanonicalUser",
                "uri": ""
              }
            ],
            "hosted_zone_id": "Z2M4EHUR26P7ZW",
            "id": "lew-alb-logs-620812304994",
            "lifecycle_rule": [],
            "logging": [],
            "object_lock_configuration": [],
            "object_lock_enabled": false,
            "policy": "{\"Statement\":[{\"Action\":\"s3:*\",\"Condition\":{\"Bool\":{\"aws:SecureTransport\":\"false\"}},\"Effect\":\"Deny\",\"Principal\":\"*\",\"Resource\":[\"arn:aws:s3:::lew-alb-logs-620812304994\",\"arn:aws:s3:::lew-alb-logs-620812304994/*\"],\"Sid\":\"DenyInsecureTransport\"},{\"Action\":\"s3:PutObject\",\"Effect\":\"Allow\",\"Principal\":{\"AWS\":\"arn:aws:iam::582318560864:root\"},\"Resource\":\"arn:aws:s3:::lew-alb-logs-620812304994/alb-access-logs/AWSLogs/620812304994/*\",\"Sid\":\"AllowELBPutObject\"}],\"Version\":\"2012-10-17\"}",
            "region": "ap-northeast-1",
            "replication_configuration": [],
            "request_payer": "BucketOwner",
            "server_side_encryption_configuration": [
              {
                "rule": [
                  {
                    "apply_server_side_encryption_by_default": [
                      {
                        "kms_master_key_id": "",
                        "sse_algorithm": "AES256"
                      }
                    ],
                    "bucket_key_enabled": false
                  }
                ]
              }
            ],
            "tags": {
              "Name": "lew-alb-logs-bucket01"
            },
            "tags_all": {
              "Name": "lew-alb-logs-bucket01"
            },
            "timeouts": null,
            "versioning": [
              {
                "enabled": false,
                "mfa_delete": false
              }
            ],
            "website": [],
            "website_domain": null,
            "website_endpoint": null
          },
          "sensitive_attributes": [],
          "identity_schema_version": 0,
          "identity": {
            "account_id": "620812304994",
            "bucket": "lew-alb-logs-620812304994",
            "region": "ap-northeast-1"
          },
          "private": "eyJlMmJmYjczMC1lY2FhLTExZTYtOGY4OC0zNDM2M2JjN2M0YzAiOnsiY3JlYXRlIjoxMjAwMDAwMDAwMDAwLCJkZWxldGUiOjM2MDAwMDAwMDAwMDAsInJlYWQiOjEyMDAwMDAwMDAwMDAsInVwZGF0ZSI6MTIwMDAwMDAwMDAwMH19",
          "dependencies": [
            "data.aws_caller_identity.chewbacca_self01"
          ]
        }
      ]
    },
    {
      "mode": "managed",
      "type": "aws_s3_bucket_ownership_controls",
      "name": "chewbacca_alb_logs_owner01",
      "provider": "provider[\"registry.terraform.io/hashicorp/aws\"]",
      "instances": [
        {
          "index_key": 0,
          "schema_version": 0,
          "attributes": {
            "bucket": "lew-alb-logs-620812304994",
            "id": "lew-alb-logs-620812304994",
            "region": "ap-northeast-1",
            "rule": [
              {
                "object_ownership": "BucketOwnerPreferred"
              }
            ]
          },
          "sensitive_attributes": [],
          "identity_schema_version": 0,
          "identity": {
            "account_id": "620812304994",
            "bucket": "lew-alb-logs-620812304994",
            "region": "ap-northeast-1"
          },
          "private": "bnVsbA==",
          "dependencies": [
            "aws_s3_bucket.chewbacca_alb_logs_bucket01",
            "data.aws_caller_identity.chewbacca_self01"
          ]
        }
      ]
    },
    {
      "mode": "managed",
      "type": "aws_s3_bucket_policy",
      "name": "chewbacca_alb_logs_policy01",
      "provider": "provider[\"registry.terraform.io/hashicorp/aws\"]",
      "instances": [
        {
          "index_key": 0,
          "schema_version": 0,
          "attributes": {
            "bucket": "lew-alb-logs-620812304994",
            "id": "lew-alb-logs-620812304994",
            "policy": "{\"Statement\":[{\"Action\":\"s3:*\",\"Condition\":{\"Bool\":{\"aws:SecureTransport\":\"false\"}},\"Effect\":\"Deny\",\"Principal\":\"*\",\"Resource\":[\"arn:aws:s3:::lew-alb-logs-620812304994\",\"arn:aws:s3:::lew-alb-logs-620812304994/*\"],\"Sid\":\"DenyInsecureTransport\"},{\"Action\":\"s3:PutObject\",\"Effect\":\"Allow\",\"Principal\":{\"AWS\":\"arn:aws:iam::582318560864:root\"},\"Resource\":\"arn:aws:s3:::lew-alb-logs-620812304994/alb-access-logs/AWSLogs/620812304994/*\",\"Sid\":\"AllowELBPutObject\"}],\"Version\":\"2012-10-17\"}",
            "region": "ap-northeast-1"
          },
          "sensitive_attributes": [],
          "identity_schema_version": 0,
          "identity": {
            "account_id": "620812304994",
            "bucket": "lew-alb-logs-620812304994",
            "region": "ap-northeast-1"
          },
          "private": "bnVsbA==",
          "dependencies": [
            "aws_s3_bucket.chewbacca_alb_logs_bucket01",
            "data.aws_caller_identity.chewbacca_self01",
            "data.aws_elb_service_account.main"
          ]
        }
      ]
    },
    {
      "mode": "managed",
      "type": "aws_s3_bucket_public_access_block",
      "name": "chewbacca_alb_logs_pab01",
      "provider": "provider[\"registry.terraform.io/hashicorp/aws\"]",
      "instances": [
        {
          "index_key": 0,
          "schema_version": 0,
          "attributes": {
            "block_public_acls": true,
            "block_public_policy": true,
            "bucket": "lew-alb-logs-620812304994",
            "id": "lew-alb-logs-620812304994",
            "ignore_public_acls": true,
            "region": "ap-northeast-1",
            "restrict_public_buckets": true,
            "skip_destroy": null
          },
          "sensitive_attributes": [],
          "identity_schema_version": 0,
          "identity": {
            "account_id": "620812304994",
            "bucket": "lew-alb-logs-620812304994",
            "region": "ap-northeast-1"
          },
          "private": "bnVsbA==",
          "dependencies": [
            "aws_s3_bucket.chewbacca_alb_logs_bucket01",
            "data.aws_caller_identity.chewbacca_self01"
          ]
        }
      ]
    },
    {
      "mode": "managed",
      "type": "aws_secretsmanager_secret",
      "name": "chewbacca_db_secret01",
      "provider": "provider[\"registry.terraform.io/hashicorp/aws\"]",
      "instances": [
        {
          "schema_version": 0,
          "attributes": {
            "arn": "arn:aws:secretsmanager:ap-northeast-1:620812304994:secret:lew/rds/mysql-EvBegq",
            "description": "",
            "force_overwrite_replica_secret": false,
            "id": "arn:aws:secretsmanager:ap-northeast-1:620812304994:secret:lew/rds/mysql-EvBegq",
            "kms_key_id": "",
            "name": "lew/rds/mysql",
            "name_prefix": "",
            "policy": "",
            "recovery_window_in_days": 30,
            "region": "ap-northeast-1",
            "replica": [],
            "tags": {},
            "tags_all": {}
          },
          "sensitive_attributes": [],
          "identity_schema_version": 0,
          "identity": {
            "arn": "arn:aws:secretsmanager:ap-northeast-1:620812304994:secret:lew/rds/mysql-EvBegq"
          },
          "private": "bnVsbA=="
        }
      ]
    },
    {
      "mode": "managed",
      "type": "aws_secretsmanager_secret_version",
      "name": "chewbacca_db_secret_version01",
      "provider": "provider[\"registry.terraform.io/hashicorp/aws\"]",
      "instances": [
        {
          "schema_version": 0,
          "attributes": {
            "arn": "arn:aws:secretsmanager:ap-northeast-1:620812304994:secret:lew/rds/mysql-EvBegq",
            "has_secret_string_wo": null,
            "id": "arn:aws:secretsmanager:ap-northeast-1:620812304994:secret:lew/rds/mysql-EvBegq|terraform-20260124034604949500000002",
            "region": "ap-northeast-1",
            "secret_binary": "",
            "secret_id": "arn:aws:secretsmanager:ap-northeast-1:620812304994:secret:lew/rds/mysql-EvBegq",
            "secret_string": "{\"dbname\":\"labdb\",\"host\":\"lew-rds01.cvecsic0y331.ap-northeast-1.rds.amazonaws.com\",\"password\":\"Bigpimpin6\",\"port\":3306,\"username\":\"admin\"}",
            "secret_string_wo": null,
            "secret_string_wo_version": null,
            "version_id": "terraform-20260124034604949500000002",
            "version_stages": [
              "AWSCURRENT"
            ]
          },
          "sensitive_attributes": [
            [
              {
                "type": "get_attr",
                "value": "secret_binary"
              }
            ],
            [
              {
                "type": "get_attr",
                "value": "secret_string"
              }
            ],
            [
              {
                "type": "get_attr",
                "value": "secret_string_wo"
              }
            ]
          ],
          "identity_schema_version": 0,
          "identity": {
            "account_id": "620812304994",
            "region": "ap-northeast-1",
            "secret_id": "arn:aws:secretsmanager:ap-northeast-1:620812304994:secret:lew/rds/mysql-EvBegq",
            "version_id": "terraform-20260124034604949500000002"
          },
          "private": "bnVsbA==",
          "dependencies": [
            "aws_db_instance.chewbacca_rds01",
            "aws_db_subnet_group.chewbacca_rds_subnet_group01",
            "aws_secretsmanager_secret.chewbacca_db_secret01",
            "aws_security_group.chewbacca_rds_sg01",
            "aws_subnet.chewbacca_private_subnets",
            "aws_vpc.chewbacca_vpc01"
          ]
        }
      ]
    },
    {
      "mode": "managed",
      "type": "aws_security_group",
      "name": "chewbacca_alb_sg01",
      "provider": "provider[\"registry.terraform.io/hashicorp/aws\"]",
      "instances": [
        {
          "schema_version": 1,
          "attributes": {
            "arn": "arn:aws:ec2:ap-northeast-1:620812304994:security-group/sg-04745bee209f43d4e",
            "description": "ALB security group",
            "egress": [
              {
                "cidr_blocks": [
                  "10.17.0.0/16"
                ],
                "description": "",
                "from_port": 80,
                "ipv6_cidr_blocks": [],
                "prefix_list_ids": [],
                "protocol": "tcp",
                "security_groups": [],
                "self": false,
                "to_port": 80
              }
            ],
            "id": "sg-04745bee209f43d4e",
            "ingress": [
              {
                "cidr_blocks": [
                  "0.0.0.0/0"
                ],
                "description": "",
                "from_port": 443,
                "ipv6_cidr_blocks": [],
                "prefix_list_ids": [],
                "protocol": "tcp",
                "security_groups": [],
                "self": false,
                "to_port": 443
              },
              {
                "cidr_blocks": [
                  "0.0.0.0/0"
                ],
                "description": "",
                "from_port": 80,
                "ipv6_cidr_blocks": [],
                "prefix_list_ids": [],
                "protocol": "tcp",
                "security_groups": [],
                "self": false,
                "to_port": 80
              }
            ],
            "name": "lew-alb-sg01",
            "name_prefix": "",
            "owner_id": "620812304994",
            "region": "ap-northeast-1",
            "revoke_rules_on_delete": false,
            "tags": {
              "Name": "lew-alb-sg01"
            },
            "tags_all": {
              "Name": "lew-alb-sg01"
            },
            "timeouts": null,
            "vpc_id": "vpc-0e69c2a5e1fea450c"
          },
          "sensitive_attributes": [],
          "identity_schema_version": 0,
          "identity": {
            "account_id": "620812304994",
            "id": "sg-04745bee209f43d4e",
            "region": "ap-northeast-1"
          },
          "private": "eyJlMmJmYjczMC1lY2FhLTExZTYtOGY4OC0zNDM2M2JjN2M0YzAiOnsiY3JlYXRlIjo2MDAwMDAwMDAwMDAsImRlbGV0ZSI6OTAwMDAwMDAwMDAwfSwic2NoZW1hX3ZlcnNpb24iOiIxIn0=",
          "dependencies": [
            "aws_vpc.chewbacca_vpc01"
          ]
        }
      ]
    },
    {
      "mode": "managed",
      "type": "aws_security_group",
      "name": "chewbacca_ec2_sg01",
      "provider": "provider[\"registry.terraform.io/hashicorp/aws\"]",
      "instances": [
        {
          "schema_version": 1,
          "attributes": {
            "arn": "arn:aws:ec2:ap-northeast-1:620812304994:security-group/sg-05d1ff8efbd11d40c",
            "description": "EC2 app security group",
            "egress": [
              {
                "cidr_blocks": [
                  "0.0.0.0/0"
                ],
                "description": "",
                "from_port": 0,
                "ipv6_cidr_blocks": [],
                "prefix_list_ids": [],
                "protocol": "-1",
                "security_groups": [],
                "self": false,
                "to_port": 0
              }
            ],
            "id": "sg-05d1ff8efbd11d40c",
            "ingress": [
              {
                "cidr_blocks": [
                  "0.0.0.0/0"
                ],
                "description": "Allow HTTP traffic",
                "from_port": 80,
                "ipv6_cidr_blocks": [],
                "prefix_list_ids": [],
                "protocol": "tcp",
                "security_groups": [],
                "self": false,
                "to_port": 80
              },
              {
                "cidr_blocks": [],
                "description": "",
                "from_port": 80,
                "ipv6_cidr_blocks": [],
                "prefix_list_ids": [],
                "protocol": "tcp",
                "security_groups": [
                  "sg-04745bee209f43d4e"
                ],
                "self": false,
                "to_port": 80
              }
            ],
            "name": "lew-ec2-sg01",
            "name_prefix": "",
            "owner_id": "620812304994",
            "region": "ap-northeast-1",
            "revoke_rules_on_delete": false,
            "tags": {
              "Name": "lew-ec2-sg01"
            },
            "tags_all": {
              "Name": "lew-ec2-sg01"
            },
            "timeouts": null,
            "vpc_id": "vpc-0e69c2a5e1fea450c"
          },
          "sensitive_attributes": [],
          "identity_schema_version": 0,
          "identity": {
            "account_id": "620812304994",
            "id": "sg-05d1ff8efbd11d40c",
            "region": "ap-northeast-1"
          },
          "private": "eyJlMmJmYjczMC1lY2FhLTExZTYtOGY4OC0zNDM2M2JjN2M0YzAiOnsiY3JlYXRlIjo2MDAwMDAwMDAwMDAsImRlbGV0ZSI6OTAwMDAwMDAwMDAwfSwic2NoZW1hX3ZlcnNpb24iOiIxIn0=",
          "dependencies": [
            "aws_vpc.chewbacca_vpc01"
          ]
        }
      ]
    },
    {
      "mode": "managed",
      "type": "aws_security_group",
      "name": "chewbacca_rds_sg01",
      "provider": "provider[\"registry.terraform.io/hashicorp/aws\"]",
      "instances": [
        {
          "schema_version": 1,
          "attributes": {
            "arn": "arn:aws:ec2:ap-northeast-1:620812304994:security-group/sg-05eca073c1193182d",
            "description": "RDS security group",
            "egress": [],
            "id": "sg-05eca073c1193182d",
            "ingress": [
              {
                "cidr_blocks": [],
                "description": "Allow MySQL traffic",
                "from_port": 3306,
                "ipv6_cidr_blocks": [],
                "prefix_list_ids": [],
                "protocol": "tcp",
                "security_groups": [
                  "sg-05d1ff8efbd11d40c"
                ],
                "self": false,
                "to_port": 3306
              }
            ],
            "name": "lew-rds-sg01",
            "name_prefix": "",
            "owner_id": "620812304994",
            "region": "ap-northeast-1",
            "revoke_rules_on_delete": false,
            "tags": {
              "Name": "lew-rds-sg01"
            },
            "tags_all": {
              "Name": "lew-rds-sg01"
            },
            "timeouts": null,
            "vpc_id": "vpc-0e69c2a5e1fea450c"
          },
          "sensitive_attributes": [],
          "identity_schema_version": 0,
          "identity": {
            "account_id": "620812304994",
            "id": "sg-05eca073c1193182d",
            "region": "ap-northeast-1"
          },
          "private": "eyJlMmJmYjczMC1lY2FhLTExZTYtOGY4OC0zNDM2M2JjN2M0YzAiOnsiY3JlYXRlIjo2MDAwMDAwMDAwMDAsImRlbGV0ZSI6OTAwMDAwMDAwMDAwfSwic2NoZW1hX3ZlcnNpb24iOiIxIn0=",
          "dependencies": [
            "aws_vpc.chewbacca_vpc01"
          ]
        }
      ]
    },
    {
      "mode": "managed",
      "type": "aws_security_group",
      "name": "chewbacca_vpce_sg01",
      "provider": "provider[\"registry.terraform.io/hashicorp/aws\"]",
      "instances": [
        {
          "schema_version": 1,
          "attributes": {
            "arn": "arn:aws:ec2:ap-northeast-1:620812304994:security-group/sg-017123c0ef80e813a",
            "description": "SG for VPC Interface Endpoints",
            "egress": [],
            "id": "sg-017123c0ef80e813a",
            "ingress": [
              {
                "cidr_blocks": [],
                "description": "",
                "from_port": 443,
                "ipv6_cidr_blocks": [],
                "prefix_list_ids": [],
                "protocol": "tcp",
                "security_groups": [
                  "sg-05d1ff8efbd11d40c"
                ],
                "self": false,
                "to_port": 443
              }
            ],
            "name": "lew-vpce-sg01",
            "name_prefix": "",
            "owner_id": "620812304994",
            "region": "ap-northeast-1",
            "revoke_rules_on_delete": false,
            "tags": {
              "Name": "lew-vpce-sg01"
            },
            "tags_all": {
              "Name": "lew-vpce-sg01"
            },
            "timeouts": null,
            "vpc_id": "vpc-0e69c2a5e1fea450c"
          },
          "sensitive_attributes": [],
          "identity_schema_version": 0,
          "identity": {
            "account_id": "620812304994",
            "id": "sg-017123c0ef80e813a",
            "region": "ap-northeast-1"
          },
          "private": "eyJlMmJmYjczMC1lY2FhLTExZTYtOGY4OC0zNDM2M2JjN2M0YzAiOnsiY3JlYXRlIjo2MDAwMDAwMDAwMDAsImRlbGV0ZSI6OTAwMDAwMDAwMDAwfSwic2NoZW1hX3ZlcnNpb24iOiIxIn0=",
          "dependencies": [
            "aws_vpc.chewbacca_vpc01"
          ]
        }
      ]
    },
    {
      "mode": "managed",
      "type": "aws_security_group_rule",
      "name": "alb_egress_to_tg",
      "provider": "provider[\"registry.terraform.io/hashicorp/aws\"]",
      "instances": [
        {
          "schema_version": 2,
          "attributes": {
            "cidr_blocks": [
              "10.17.0.0/16"
            ],
            "description": null,
            "from_port": 80,
            "id": "sgrule-4161159660",
            "ipv6_cidr_blocks": null,
            "prefix_list_ids": null,
            "protocol": "tcp",
            "region": "ap-northeast-1",
            "security_group_id": "sg-04745bee209f43d4e",
            "security_group_rule_id": "sgr-0b31509bda2bc00f2",
            "self": false,
            "source_security_group_id": null,
            "timeouts": null,
            "to_port": 80,
            "type": "egress"
          },
          "sensitive_attributes": [],
          "identity_schema_version": 0,
          "private": "eyJlMmJmYjczMC1lY2FhLTExZTYtOGY4OC0zNDM2M2JjN2M0YzAiOnsiY3JlYXRlIjozMDAwMDAwMDAwMDB9LCJzY2hlbWFfdmVyc2lvbiI6IjIifQ==",
          "dependencies": [
            "aws_security_group.chewbacca_alb_sg01",
            "aws_vpc.chewbacca_vpc01"
          ]
        }
      ]
    },
    {
      "mode": "managed",
      "type": "aws_security_group_rule",
      "name": "alb_ingress_http",
      "provider": "provider[\"registry.terraform.io/hashicorp/aws\"]",
      "instances": [
        {
          "schema_version": 2,
          "attributes": {
            "cidr_blocks": [
              "0.0.0.0/0"
            ],
            "description": null,
            "from_port": 80,
            "id": "sgrule-2521657653",
            "ipv6_cidr_blocks": null,
            "prefix_list_ids": null,
            "protocol": "tcp",
            "region": "ap-northeast-1",
            "security_group_id": "sg-04745bee209f43d4e",
            "security_group_rule_id": "sgr-08be7380d8a9b6975",
            "self": false,
            "source_security_group_id": null,
            "timeouts": null,
            "to_port": 80,
            "type": "ingress"
          },
          "sensitive_attributes": [],
          "identity_schema_version": 0,
          "private": "eyJlMmJmYjczMC1lY2FhLTExZTYtOGY4OC0zNDM2M2JjN2M0YzAiOnsiY3JlYXRlIjozMDAwMDAwMDAwMDB9LCJzY2hlbWFfdmVyc2lvbiI6IjIifQ==",
          "dependencies": [
            "aws_security_group.chewbacca_alb_sg01",
            "aws_vpc.chewbacca_vpc01"
          ]
        }
      ]
    },
    {
      "mode": "managed",
      "type": "aws_security_group_rule",
      "name": "alb_ingress_https",
      "provider": "provider[\"registry.terraform.io/hashicorp/aws\"]",
      "instances": [
        {
          "schema_version": 2,
          "attributes": {
            "cidr_blocks": [
              "0.0.0.0/0"
            ],
            "description": null,
            "from_port": 443,
            "id": "sgrule-588281763",
            "ipv6_cidr_blocks": null,
            "prefix_list_ids": null,
            "protocol": "tcp",
            "region": "ap-northeast-1",
            "security_group_id": "sg-04745bee209f43d4e",
            "security_group_rule_id": "sgr-0a5056f2cdeac6711",
            "self": false,
            "source_security_group_id": null,
            "timeouts": null,
            "to_port": 443,
            "type": "ingress"
          },
          "sensitive_attributes": [],
          "identity_schema_version": 0,
          "private": "eyJlMmJmYjczMC1lY2FhLTExZTYtOGY4OC0zNDM2M2JjN2M0YzAiOnsiY3JlYXRlIjozMDAwMDAwMDAwMDB9LCJzY2hlbWFfdmVyc2lvbiI6IjIifQ==",
          "dependencies": [
            "aws_security_group.chewbacca_alb_sg01",
            "aws_vpc.chewbacca_vpc01"
          ]
        }
      ]
    },
    {
      "mode": "managed",
      "type": "aws_security_group_rule",
      "name": "chewbacca_ec2_ingress_from_alb01",
      "provider": "provider[\"registry.terraform.io/hashicorp/aws\"]",
      "instances": [
        {
          "schema_version": 2,
          "attributes": {
            "cidr_blocks": null,
            "description": null,
            "from_port": 80,
            "id": "sgrule-681783626",
            "ipv6_cidr_blocks": null,
            "prefix_list_ids": null,
            "protocol": "tcp",
            "region": "ap-northeast-1",
            "security_group_id": "sg-05d1ff8efbd11d40c",
            "security_group_rule_id": "sgr-02d9e2b6581d31100",
            "self": false,
            "source_security_group_id": "sg-04745bee209f43d4e",
            "timeouts": null,
            "to_port": 80,
            "type": "ingress"
          },
          "sensitive_attributes": [],
          "identity_schema_version": 0,
          "private": "eyJlMmJmYjczMC1lY2FhLTExZTYtOGY4OC0zNDM2M2JjN2M0YzAiOnsiY3JlYXRlIjozMDAwMDAwMDAwMDB9LCJzY2hlbWFfdmVyc2lvbiI6IjIifQ==",
          "dependencies": [
            "aws_security_group.chewbacca_alb_sg01",
            "aws_security_group.chewbacca_ec2_sg01",
            "aws_vpc.chewbacca_vpc01"
          ]
        }
      ]
    },
    {
      "mode": "managed",
      "type": "aws_security_group_rule",
      "name": "endpoint_ingress_from_ec2",
      "provider": "provider[\"registry.terraform.io/hashicorp/aws\"]",
      "instances": [
        {
          "schema_version": 2,
          "attributes": {
            "cidr_blocks": null,
            "description": null,
            "from_port": 443,
            "id": "sgrule-2342526932",
            "ipv6_cidr_blocks": null,
            "prefix_list_ids": null,
            "protocol": "tcp",
            "region": "ap-northeast-1",
            "security_group_id": "sg-017123c0ef80e813a",
            "security_group_rule_id": "sgr-0862852aa43103037",
            "self": false,
            "source_security_group_id": "sg-05d1ff8efbd11d40c",
            "timeouts": null,
            "to_port": 443,
            "type": "ingress"
          },
          "sensitive_attributes": [],
          "identity_schema_version": 0,
          "private": "eyJlMmJmYjczMC1lY2FhLTExZTYtOGY4OC0zNDM2M2JjN2M0YzAiOnsiY3JlYXRlIjozMDAwMDAwMDAwMDB9LCJzY2hlbWFfdmVyc2lvbiI6IjIifQ==",
          "dependencies": [
            "aws_security_group.chewbacca_ec2_sg01",
            "aws_security_group.chewbacca_vpce_sg01",
            "aws_vpc.chewbacca_vpc01"
          ]
        }
      ]
    },
    {
      "mode": "managed",
      "type": "aws_sns_topic",
      "name": "chewbacca_sns_topic01",
      "provider": "provider[\"registry.terraform.io/hashicorp/aws\"]",
      "instances": [
        {
          "schema_version": 0,
          "attributes": {
            "application_failure_feedback_role_arn": "",
            "application_success_feedback_role_arn": "",
            "application_success_feedback_sample_rate": 0,
            "archive_policy": "",
            "arn": "arn:aws:sns:ap-northeast-1:620812304994:lew-db-incidents",
            "beginning_archive_time": "",
            "content_based_deduplication": false,
            "delivery_policy": "",
            "display_name": "",
            "fifo_throughput_scope": "",
            "fifo_topic": false,
            "firehose_failure_feedback_role_arn": "",
            "firehose_success_feedback_role_arn": "",
            "firehose_success_feedback_sample_rate": 0,
            "http_failure_feedback_role_arn": "",
            "http_success_feedback_role_arn": "",
            "http_success_feedback_sample_rate": 0,
            "id": "arn:aws:sns:ap-northeast-1:620812304994:lew-db-incidents",
            "kms_master_key_id": "",
            "lambda_failure_feedback_role_arn": "",
            "lambda_success_feedback_role_arn": "",
            "lambda_success_feedback_sample_rate": 0,
            "name": "lew-db-incidents",
            "name_prefix": "",
            "owner": "620812304994",
            "policy": "{\"Id\":\"__default_policy_ID\",\"Statement\":[{\"Action\":[\"SNS:GetTopicAttributes\",\"SNS:SetTopicAttributes\",\"SNS:AddPermission\",\"SNS:RemovePermission\",\"SNS:DeleteTopic\",\"SNS:Subscribe\",\"SNS:ListSubscriptionsByTopic\",\"SNS:Publish\"],\"Condition\":{\"StringEquals\":{\"AWS:SourceOwner\":\"620812304994\"}},\"Effect\":\"Allow\",\"Principal\":{\"AWS\":\"*\"},\"Resource\":\"arn:aws:sns:ap-northeast-1:620812304994:lew-db-incidents\",\"Sid\":\"__default_statement_ID\"}],\"Version\":\"2008-10-17\"}",
            "region": "ap-northeast-1",
            "signature_version": 0,
            "sqs_failure_feedback_role_arn": "",
            "sqs_success_feedback_role_arn": "",
            "sqs_success_feedback_sample_rate": 0,
            "tags": {},
            "tags_all": {},
            "tracing_config": ""
          },
          "sensitive_attributes": [],
          "identity_schema_version": 0,
          "identity": {
            "arn": "arn:aws:sns:ap-northeast-1:620812304994:lew-db-incidents"
          },
          "private": "bnVsbA=="
        }
      ]
    },
    {
      "mode": "managed",
      "type": "aws_sns_topic_subscription",
      "name": "chewbacca_sns_sub01",
      "provider": "provider[\"registry.terraform.io/hashicorp/aws\"]",
      "instances": [
        {
          "schema_version": 0,
          "attributes": {
            "arn": "arn:aws:sns:ap-northeast-1:620812304994:lew-db-incidents:82610c37-2962-4fba-b5d8-d6047e6edc21",
            "confirmation_timeout_in_minutes": 1,
            "confirmation_was_authenticated": false,
            "delivery_policy": "",
            "endpoint": "shawnmosby225@gmail.com",
            "endpoint_auto_confirms": false,
            "filter_policy": "",
            "filter_policy_scope": "",
            "id": "arn:aws:sns:ap-northeast-1:620812304994:lew-db-incidents:82610c37-2962-4fba-b5d8-d6047e6edc21",
            "owner_id": "620812304994",
            "pending_confirmation": true,
            "protocol": "email",
            "raw_message_delivery": false,
            "redrive_policy": "",
            "region": "ap-northeast-1",
            "replay_policy": "",
            "subscription_role_arn": "",
            "topic_arn": "arn:aws:sns:ap-northeast-1:620812304994:lew-db-incidents"
          },
          "sensitive_attributes": [],
          "identity_schema_version": 0,
          "identity": {
            "arn": "arn:aws:sns:ap-northeast-1:620812304994:lew-db-incidents:82610c37-2962-4fba-b5d8-d6047e6edc21"
          },
          "private": "bnVsbA==",
          "dependencies": [
            "aws_sns_topic.chewbacca_sns_topic01"
          ]
        }
      ]
    },
    {
      "mode": "managed",
      "type": "aws_ssm_parameter",
      "name": "chewbacca_db_endpoint_param",
      "provider": "provider[\"registry.terraform.io/hashicorp/aws\"]",
      "instances": [
        {
          "schema_version": 0,
          "attributes": {
            "allowed_pattern": "",
            "arn": "arn:aws:ssm:ap-northeast-1:620812304994:parameter/lab/db/endpoint",
            "data_type": "text",
            "description": "",
            "has_value_wo": false,
            "id": "/lab/db/endpoint",
            "insecure_value": null,
            "key_id": "",
            "name": "/lab/db/endpoint",
            "overwrite": true,
            "region": "ap-northeast-1",
            "tags": {},
            "tags_all": {},
            "tier": "Standard",
            "type": "String",
            "value": "lew-rds01.cvecsic0y331.ap-northeast-1.rds.amazonaws.com",
            "value_wo": null,
            "value_wo_version": null,
            "version": 15
          },
          "sensitive_attributes": [
            [
              {
                "type": "get_attr",
                "value": "value"
              }
            ],
            [
              {
                "type": "get_attr",
                "value": "value_wo"
              }
            ]
          ],
          "identity_schema_version": 0,
          "identity": {
            "account_id": "620812304994",
            "name": "/lab/db/endpoint",
            "region": "ap-northeast-1"
          },
          "private": "bnVsbA==",
          "dependencies": [
            "aws_db_instance.chewbacca_rds01",
            "aws_db_subnet_group.chewbacca_rds_subnet_group01",
            "aws_security_group.chewbacca_rds_sg01",
            "aws_subnet.chewbacca_private_subnets",
            "aws_vpc.chewbacca_vpc01"
          ]
        }
      ]
    },
    {
      "mode": "managed",
      "type": "aws_ssm_parameter",
      "name": "chewbacca_db_name_param",
      "provider": "provider[\"registry.terraform.io/hashicorp/aws\"]",
      "instances": [
        {
          "schema_version": 0,
          "attributes": {
            "allowed_pattern": "",
            "arn": "arn:aws:ssm:ap-northeast-1:620812304994:parameter/lab/db/name",
            "data_type": "text",
            "description": "",
            "has_value_wo": false,
            "id": "/lab/db/name",
            "insecure_value": null,
            "key_id": "",
            "name": "/lab/db/name",
            "overwrite": null,
            "region": "ap-northeast-1",
            "tags": {
              "Name": "lew-param-db-name"
            },
            "tags_all": {
              "Name": "lew-param-db-name"
            },
            "tier": "Standard",
            "type": "String",
            "value": "labdb",
            "value_wo": null,
            "value_wo_version": null,
            "version": 1
          },
          "sensitive_attributes": [
            [
              {
                "type": "get_attr",
                "value": "value"
              }
            ],
            [
              {
                "type": "get_attr",
                "value": "value_wo"
              }
            ]
          ],
          "identity_schema_version": 0,
          "identity": {
            "account_id": "620812304994",
            "name": "/lab/db/name",
            "region": "ap-northeast-1"
          },
          "private": "bnVsbA=="
        }
      ]
    },
    {
      "mode": "managed",
      "type": "aws_ssm_parameter",
      "name": "chewbacca_db_port_param",
      "provider": "provider[\"registry.terraform.io/hashicorp/aws\"]",
      "instances": [
        {
          "schema_version": 0,
          "attributes": {
            "allowed_pattern": "",
            "arn": "arn:aws:ssm:ap-northeast-1:620812304994:parameter/lab/db/port",
            "data_type": "text",
            "description": "",
            "has_value_wo": false,
            "id": "/lab/db/port",
            "insecure_value": null,
            "key_id": "",
            "name": "/lab/db/port",
            "overwrite": null,
            "region": "ap-northeast-1",
            "tags": {
              "Name": "lew-param-db-port"
            },
            "tags_all": {
              "Name": "lew-param-db-port"
            },
            "tier": "Standard",
            "type": "String",
            "value": "3306",
            "value_wo": null,
            "value_wo_version": null,
            "version": 1
          },
          "sensitive_attributes": [
            [
              {
                "type": "get_attr",
                "value": "value"
              }
            ],
            [
              {
                "type": "get_attr",
                "value": "value_wo"
              }
            ]
          ],
          "identity_schema_version": 0,
          "identity": {
            "account_id": "620812304994",
            "name": "/lab/db/port",
            "region": "ap-northeast-1"
          },
          "private": "bnVsbA==",
          "dependencies": [
            "aws_db_instance.chewbacca_rds01",
            "aws_db_subnet_group.chewbacca_rds_subnet_group01",
            "aws_security_group.chewbacca_rds_sg01",
            "aws_subnet.chewbacca_private_subnets",
            "aws_vpc.chewbacca_vpc01"
          ]
        }
      ]
    },
    {
      "mode": "managed",
      "type": "aws_ssm_parameter",
      "name": "db-endpoint",
      "provider": "provider[\"registry.terraform.io/hashicorp/aws\"]",
      "instances": [
        {
          "schema_version": 0,
          "attributes": {
            "allowed_pattern": "",
            "arn": "arn:aws:ssm:ap-northeast-1:620812304994:parameter/lab/db/endpoint",
            "data_type": "text",
            "description": "",
            "has_value_wo": false,
            "id": "/lab/db/endpoint",
            "insecure_value": null,
            "key_id": "",
            "name": "/lab/db/endpoint",
            "overwrite": true,
            "region": "ap-northeast-1",
            "tags": {},
            "tags_all": {},
            "tier": "Standard",
            "type": "String",
            "value": "lew-rds01.cvecsic0y331.ap-northeast-1.rds.amazonaws.com",
            "value_wo": null,
            "value_wo_version": null,
            "version": 15
          },
          "sensitive_attributes": [
            [
              {
                "type": "get_attr",
                "value": "value"
              }
            ],
            [
              {
                "type": "get_attr",
                "value": "value_wo"
              }
            ]
          ],
          "identity_schema_version": 0,
          "identity": {
            "account_id": "620812304994",
            "name": "/lab/db/endpoint",
            "region": "ap-northeast-1"
          },
          "private": "bnVsbA==",
          "dependencies": [
            "aws_db_instance.chewbacca_rds01",
            "aws_db_subnet_group.chewbacca_rds_subnet_group01",
            "aws_security_group.chewbacca_rds_sg01",
            "aws_subnet.chewbacca_private_subnets",
            "aws_vpc.chewbacca_vpc01"
          ]
        }
      ]
    },
    {
      "mode": "managed",
      "type": "aws_subnet",
      "name": "chewbacca_private_subnets",
      "provider": "provider[\"registry.terraform.io/hashicorp/aws\"]",
      "instances": [
        {
          "index_key": 0,
          "schema_version": 1,
          "attributes": {
            "arn": "arn:aws:ec2:ap-northeast-1:620812304994:subnet/subnet-0763eb4614e21ea66",
            "assign_ipv6_address_on_creation": false,
            "availability_zone": "ap-northeast-1a",
            "availability_zone_id": "apne1-az4",
            "cidr_block": "10.17.11.0/24",
            "customer_owned_ipv4_pool": "",
            "enable_dns64": false,
            "enable_lni_at_device_index": 0,
            "enable_resource_name_dns_a_record_on_launch": false,
            "enable_resource_name_dns_aaaa_record_on_launch": false,
            "id": "subnet-0763eb4614e21ea66",
            "ipv6_cidr_block": "",
            "ipv6_cidr_block_association_id": "",
            "ipv6_native": false,
            "map_customer_owned_ip_on_launch": false,
            "map_public_ip_on_launch": false,
            "outpost_arn": "",
            "owner_id": "620812304994",
            "private_dns_hostname_type_on_launch": "ip-name",
            "region": "ap-northeast-1",
            "tags": {
              "Name": "lew-private-subnet01"
            },
            "tags_all": {
              "Name": "lew-private-subnet01"
            },
            "timeouts": null,
            "vpc_id": "vpc-0e69c2a5e1fea450c"
          },
          "sensitive_attributes": [],
          "identity_schema_version": 0,
          "identity": {
            "account_id": "620812304994",
            "id": "subnet-0763eb4614e21ea66",
            "region": "ap-northeast-1"
          },
          "private": "eyJlMmJmYjczMC1lY2FhLTExZTYtOGY4OC0zNDM2M2JjN2M0YzAiOnsiY3JlYXRlIjo2MDAwMDAwMDAwMDAsImRlbGV0ZSI6MTIwMDAwMDAwMDAwMH0sInNjaGVtYV92ZXJzaW9uIjoiMSJ9",
          "dependencies": [
            "aws_vpc.chewbacca_vpc01"
          ]
        },
        {
          "index_key": 1,
          "schema_version": 1,
          "attributes": {
            "arn": "arn:aws:ec2:ap-northeast-1:620812304994:subnet/subnet-0e25bf6955aba2bf8",
            "assign_ipv6_address_on_creation": false,
            "availability_zone": "ap-northeast-1c",
            "availability_zone_id": "apne1-az1",
            "cidr_block": "10.17.12.0/24",
            "customer_owned_ipv4_pool": "",
            "enable_dns64": false,
            "enable_lni_at_device_index": 0,
            "enable_resource_name_dns_a_record_on_launch": false,
            "enable_resource_name_dns_aaaa_record_on_launch": false,
            "id": "subnet-0e25bf6955aba2bf8",
            "ipv6_cidr_block": "",
            "ipv6_cidr_block_association_id": "",
            "ipv6_native": false,
            "map_customer_owned_ip_on_launch": false,
            "map_public_ip_on_launch": false,
            "outpost_arn": "",
            "owner_id": "620812304994",
            "private_dns_hostname_type_on_launch": "ip-name",
            "region": "ap-northeast-1",
            "tags": {
              "Name": "lew-private-subnet02"
            },
            "tags_all": {
              "Name": "lew-private-subnet02"
            },
            "timeouts": null,
            "vpc_id": "vpc-0e69c2a5e1fea450c"
          },
          "sensitive_attributes": [],
          "identity_schema_version": 0,
          "identity": {
            "account_id": "620812304994",
            "id": "subnet-0e25bf6955aba2bf8",
            "region": "ap-northeast-1"
          },
          "private": "eyJlMmJmYjczMC1lY2FhLTExZTYtOGY4OC0zNDM2M2JjN2M0YzAiOnsiY3JlYXRlIjo2MDAwMDAwMDAwMDAsImRlbGV0ZSI6MTIwMDAwMDAwMDAwMH0sInNjaGVtYV92ZXJzaW9uIjoiMSJ9",
          "dependencies": [
            "aws_vpc.chewbacca_vpc01"
          ]
        }
      ]
    },
    {
      "mode": "managed",
      "type": "aws_subnet",
      "name": "chewbacca_public_subnets",
      "provider": "provider[\"registry.terraform.io/hashicorp/aws\"]",
      "instances": [
        {
          "index_key": 0,
          "schema_version": 1,
          "attributes": {
            "arn": "arn:aws:ec2:ap-northeast-1:620812304994:subnet/subnet-009458617990398dc",
            "assign_ipv6_address_on_creation": false,
            "availability_zone": "ap-northeast-1a",
            "availability_zone_id": "apne1-az4",
            "cidr_block": "10.17.1.0/24",
            "customer_owned_ipv4_pool": "",
            "enable_dns64": false,
            "enable_lni_at_device_index": 0,
            "enable_resource_name_dns_a_record_on_launch": false,
            "enable_resource_name_dns_aaaa_record_on_launch": false,
            "id": "subnet-009458617990398dc",
            "ipv6_cidr_block": "",
            "ipv6_cidr_block_association_id": "",
            "ipv6_native": false,
            "map_customer_owned_ip_on_launch": false,
            "map_public_ip_on_launch": true,
            "outpost_arn": "",
            "owner_id": "620812304994",
            "private_dns_hostname_type_on_launch": "ip-name",
            "region": "ap-northeast-1",
            "tags": {
              "Name": "lew-public-subnet01"
            },
            "tags_all": {
              "Name": "lew-public-subnet01"
            },
            "timeouts": null,
            "vpc_id": "vpc-0e69c2a5e1fea450c"
          },
          "sensitive_attributes": [],
          "identity_schema_version": 0,
          "identity": {
            "account_id": "620812304994",
            "id": "subnet-009458617990398dc",
            "region": "ap-northeast-1"
          },
          "private": "eyJlMmJmYjczMC1lY2FhLTExZTYtOGY4OC0zNDM2M2JjN2M0YzAiOnsiY3JlYXRlIjo2MDAwMDAwMDAwMDAsImRlbGV0ZSI6MTIwMDAwMDAwMDAwMH0sInNjaGVtYV92ZXJzaW9uIjoiMSJ9",
          "dependencies": [
            "aws_vpc.chewbacca_vpc01"
          ]
        },
        {
          "index_key": 1,
          "schema_version": 1,
          "attributes": {
            "arn": "arn:aws:ec2:ap-northeast-1:620812304994:subnet/subnet-0825f48986e3bb5df",
            "assign_ipv6_address_on_creation": false,
            "availability_zone": "ap-northeast-1c",
            "availability_zone_id": "apne1-az1",
            "cidr_block": "10.17.2.0/24",
            "customer_owned_ipv4_pool": "",
            "enable_dns64": false,
            "enable_lni_at_device_index": 0,
            "enable_resource_name_dns_a_record_on_launch": false,
            "enable_resource_name_dns_aaaa_record_on_launch": false,
            "id": "subnet-0825f48986e3bb5df",
            "ipv6_cidr_block": "",
            "ipv6_cidr_block_association_id": "",
            "ipv6_native": false,
            "map_customer_owned_ip_on_launch": false,
            "map_public_ip_on_launch": true,
            "outpost_arn": "",
            "owner_id": "620812304994",
            "private_dns_hostname_type_on_launch": "ip-name",
            "region": "ap-northeast-1",
            "tags": {
              "Name": "lew-public-subnet02"
            },
            "tags_all": {
              "Name": "lew-public-subnet02"
            },
            "timeouts": null,
            "vpc_id": "vpc-0e69c2a5e1fea450c"
          },
          "sensitive_attributes": [],
          "identity_schema_version": 0,
          "identity": {
            "account_id": "620812304994",
            "id": "subnet-0825f48986e3bb5df",
            "region": "ap-northeast-1"
          },
          "private": "eyJlMmJmYjczMC1lY2FhLTExZTYtOGY4OC0zNDM2M2JjN2M0YzAiOnsiY3JlYXRlIjo2MDAwMDAwMDAwMDAsImRlbGV0ZSI6MTIwMDAwMDAwMDAwMH0sInNjaGVtYV92ZXJzaW9uIjoiMSJ9",
          "dependencies": [
            "aws_vpc.chewbacca_vpc01"
          ]
        }
      ]
    },
    {
      "mode": "managed",
      "type": "aws_vpc",
      "name": "chewbacca_vpc01",
      "provider": "provider[\"registry.terraform.io/hashicorp/aws\"]",
      "instances": [
        {
          "schema_version": 1,
          "attributes": {
            "arn": "arn:aws:ec2:ap-northeast-1:620812304994:vpc/vpc-0e69c2a5e1fea450c",
            "assign_generated_ipv6_cidr_block": false,
            "cidr_block": "10.17.0.0/16",
            "default_network_acl_id": "acl-0b46c2923fa671864",
            "default_route_table_id": "rtb-025e95190ebfd58b1",
            "default_security_group_id": "sg-0d32e9a46d011f614",
            "dhcp_options_id": "dopt-020e2b31cbdefcc07",
            "enable_dns_hostnames": true,
            "enable_dns_support": true,
            "enable_network_address_usage_metrics": false,
            "id": "vpc-0e69c2a5e1fea450c",
            "instance_tenancy": "default",
            "ipv4_ipam_pool_id": null,
            "ipv4_netmask_length": null,
            "ipv6_association_id": "",
            "ipv6_cidr_block": "",
            "ipv6_cidr_block_network_border_group": "",
            "ipv6_ipam_pool_id": "",
            "ipv6_netmask_length": 0,
            "main_route_table_id": "rtb-025e95190ebfd58b1",
            "owner_id": "620812304994",
            "region": "ap-northeast-1",
            "tags": {
              "Name": "lew-vpc01"
            },
            "tags_all": {
              "Name": "lew-vpc01"
            }
          },
          "sensitive_attributes": [],
          "identity_schema_version": 0,
          "identity": {
            "account_id": "620812304994",
            "id": "vpc-0e69c2a5e1fea450c",
            "region": "ap-northeast-1"
          },
          "private": "eyJzY2hlbWFfdmVyc2lvbiI6IjEifQ=="
        }
      ]
    },
    {
      "mode": "managed",
      "type": "aws_vpc_endpoint",
      "name": "chewbacca_vpce_ec2messages01",
      "provider": "provider[\"registry.terraform.io/hashicorp/aws\"]",
      "instances": [
        {
          "schema_version": 0,
          "attributes": {
            "arn": "arn:aws:ec2:ap-northeast-1:620812304994:vpc-endpoint/vpce-0b86094f0bfdd7fb4",
            "auto_accept": null,
            "cidr_blocks": [],
            "dns_entry": [
              {
                "dns_name": "vpce-0b86094f0bfdd7fb4-fkbfcexw.ec2messages.ap-northeast-1.vpce.amazonaws.com",
                "hosted_zone_id": "Z2E726K9Y6RL4W"
              },
              {
                "dns_name": "vpce-0b86094f0bfdd7fb4-fkbfcexw-ap-northeast-1a.ec2messages.ap-northeast-1.vpce.amazonaws.com",
                "hosted_zone_id": "Z2E726K9Y6RL4W"
              },
              {
                "dns_name": "vpce-0b86094f0bfdd7fb4-fkbfcexw-ap-northeast-1c.ec2messages.ap-northeast-1.vpce.amazonaws.com",
                "hosted_zone_id": "Z2E726K9Y6RL4W"
              },
              {
                "dns_name": "ec2messages.ap-northeast-1.amazonaws.com",
                "hosted_zone_id": "Z02691042IMFF9ZC6SRN2"
              }
            ],
            "dns_options": [
              {
                "dns_record_ip_type": "ipv4",
                "private_dns_only_for_inbound_resolver_endpoint": false,
                "private_dns_preference": "",
                "private_dns_specified_domains": []
              }
            ],
            "id": "vpce-0b86094f0bfdd7fb4",
            "ip_address_type": "ipv4",
            "network_interface_ids": [
              "eni-022db155824956e9c",
              "eni-0937e89da44d2207d"
            ],
            "owner_id": "620812304994",
            "policy": "{\"Statement\":[{\"Action\":\"*\",\"Effect\":\"Allow\",\"Principal\":\"*\",\"Resource\":\"*\"}]}",
            "prefix_list_id": null,
            "private_dns_enabled": true,
            "region": "ap-northeast-1",
            "requester_managed": false,
            "resource_configuration_arn": "",
            "route_table_ids": [],
            "security_group_ids": [
              "sg-017123c0ef80e813a"
            ],
            "service_name": "com.amazonaws.ap-northeast-1.ec2messages",
            "service_network_arn": "",
            "service_region": "ap-northeast-1",
            "state": "available",
            "subnet_configuration": [
              {
                "ipv4": "10.17.11.173",
                "ipv6": "",
                "subnet_id": "subnet-0763eb4614e21ea66"
              },
              {
                "ipv4": "10.17.12.235",
                "ipv6": "",
                "subnet_id": "subnet-0e25bf6955aba2bf8"
              }
            ],
            "subnet_ids": [
              "subnet-0763eb4614e21ea66",
              "subnet-0e25bf6955aba2bf8"
            ],
            "tags": {
              "Name": "lew-vpce-ec2messages01"
            },
            "tags_all": {
              "Name": "lew-vpce-ec2messages01"
            },
            "timeouts": null,
            "vpc_endpoint_type": "Interface",
            "vpc_id": "vpc-0e69c2a5e1fea450c"
          },
          "sensitive_attributes": [],
          "identity_schema_version": 0,
          "identity": {
            "account_id": "620812304994",
            "id": "vpce-0b86094f0bfdd7fb4",
            "region": "ap-northeast-1"
          },
          "private": "eyJlMmJmYjczMC1lY2FhLTExZTYtOGY4OC0zNDM2M2JjN2M0YzAiOnsiY3JlYXRlIjo2MDAwMDAwMDAwMDAsImRlbGV0ZSI6NjAwMDAwMDAwMDAwLCJ1cGRhdGUiOjYwMDAwMDAwMDAwMH19",
          "dependencies": [
            "aws_security_group.chewbacca_vpce_sg01",
            "aws_subnet.chewbacca_private_subnets",
            "aws_vpc.chewbacca_vpc01",
            "data.aws_region.chewbacca_region01"
          ]
        }
      ]
    },
    {
      "mode": "managed",
      "type": "aws_vpc_endpoint",
      "name": "chewbacca_vpce_kms01",
      "provider": "provider[\"registry.terraform.io/hashicorp/aws\"]",
      "instances": [
        {
          "schema_version": 0,
          "attributes": {
            "arn": "arn:aws:ec2:ap-northeast-1:620812304994:vpc-endpoint/vpce-0fa30925fc5364005",
            "auto_accept": null,
            "cidr_blocks": [],
            "dns_entry": [
              {
                "dns_name": "vpce-0fa30925fc5364005-gpdrwqbj.kms.ap-northeast-1.vpce.amazonaws.com",
                "hosted_zone_id": "Z2E726K9Y6RL4W"
              },
              {
                "dns_name": "vpce-0fa30925fc5364005-gpdrwqbj-ap-northeast-1a.kms.ap-northeast-1.vpce.amazonaws.com",
                "hosted_zone_id": "Z2E726K9Y6RL4W"
              },
              {
                "dns_name": "vpce-0fa30925fc5364005-gpdrwqbj-ap-northeast-1c.kms.ap-northeast-1.vpce.amazonaws.com",
                "hosted_zone_id": "Z2E726K9Y6RL4W"
              },
              {
                "dns_name": "kms.ap-northeast-1.amazonaws.com",
                "hosted_zone_id": "Z02683831ZTEEONVWEBYB"
              },
              {
                "dns_name": "kms.ap-northeast-1.api.aws",
                "hosted_zone_id": "Z0123250WLEVYD5J43GB"
              }
            ],
            "dns_options": [
              {
                "dns_record_ip_type": "ipv4",
                "private_dns_only_for_inbound_resolver_endpoint": false,
                "private_dns_preference": "",
                "private_dns_specified_domains": []
              }
            ],
            "id": "vpce-0fa30925fc5364005",
            "ip_address_type": "ipv4",
            "network_interface_ids": [
              "eni-07387fbbeda6424ee",
              "eni-08e8387585f3fbc1b"
            ],
            "owner_id": "620812304994",
            "policy": "{\"Statement\":[{\"Action\":\"*\",\"Effect\":\"Allow\",\"Principal\":\"*\",\"Resource\":\"*\"}]}",
            "prefix_list_id": null,
            "private_dns_enabled": true,
            "region": "ap-northeast-1",
            "requester_managed": false,
            "resource_configuration_arn": "",
            "route_table_ids": [],
            "security_group_ids": [
              "sg-017123c0ef80e813a"
            ],
            "service_name": "com.amazonaws.ap-northeast-1.kms",
            "service_network_arn": "",
            "service_region": "ap-northeast-1",
            "state": "available",
            "subnet_configuration": [
              {
                "ipv4": "10.17.11.198",
                "ipv6": "",
                "subnet_id": "subnet-0763eb4614e21ea66"
              },
              {
                "ipv4": "10.17.12.254",
                "ipv6": "",
                "subnet_id": "subnet-0e25bf6955aba2bf8"
              }
            ],
            "subnet_ids": [
              "subnet-0763eb4614e21ea66",
              "subnet-0e25bf6955aba2bf8"
            ],
            "tags": {
              "Name": "lew-vpce-kms01"
            },
            "tags_all": {
              "Name": "lew-vpce-kms01"
            },
            "timeouts": null,
            "vpc_endpoint_type": "Interface",
            "vpc_id": "vpc-0e69c2a5e1fea450c"
          },
          "sensitive_attributes": [],
          "identity_schema_version": 0,
          "identity": {
            "account_id": "620812304994",
            "id": "vpce-0fa30925fc5364005",
            "region": "ap-northeast-1"
          },
          "private": "eyJlMmJmYjczMC1lY2FhLTExZTYtOGY4OC0zNDM2M2JjN2M0YzAiOnsiY3JlYXRlIjo2MDAwMDAwMDAwMDAsImRlbGV0ZSI6NjAwMDAwMDAwMDAwLCJ1cGRhdGUiOjYwMDAwMDAwMDAwMH19",
          "dependencies": [
            "aws_security_group.chewbacca_vpce_sg01",
            "aws_subnet.chewbacca_private_subnets",
            "aws_vpc.chewbacca_vpc01",
            "data.aws_region.chewbacca_region01"
          ]
        }
      ]
    },
    {
      "mode": "managed",
      "type": "aws_vpc_endpoint",
      "name": "chewbacca_vpce_logs01",
      "provider": "provider[\"registry.terraform.io/hashicorp/aws\"]",
      "instances": [
        {
          "schema_version": 0,
          "attributes": {
            "arn": "arn:aws:ec2:ap-northeast-1:620812304994:vpc-endpoint/vpce-0567e989da096c6af",
            "auto_accept": null,
            "cidr_blocks": [],
            "dns_entry": [
              {
                "dns_name": "vpce-0567e989da096c6af-djvj6knm.logs.ap-northeast-1.vpce.amazonaws.com",
                "hosted_zone_id": "Z2E726K9Y6RL4W"
              },
              {
                "dns_name": "vpce-0567e989da096c6af-djvj6knm-ap-northeast-1c.logs.ap-northeast-1.vpce.amazonaws.com",
                "hosted_zone_id": "Z2E726K9Y6RL4W"
              },
              {
                "dns_name": "vpce-0567e989da096c6af-djvj6knm-ap-northeast-1a.logs.ap-northeast-1.vpce.amazonaws.com",
                "hosted_zone_id": "Z2E726K9Y6RL4W"
              },
              {
                "dns_name": "logs.ap-northeast-1.amazonaws.com",
                "hosted_zone_id": "Z01308941APSOL7BGWZIF"
              },
              {
                "dns_name": "logs.ap-northeast-1.api.aws",
                "hosted_zone_id": "Z013017539JLPDRZPDLLG"
              },
              {
                "dns_name": "streaming-logs.ap-northeast-1.amazonaws.com",
                "hosted_zone_id": "Z01309282NKWMNGQJ5JDB"
              },
              {
                "dns_name": "streaming-logs.ap-northeast-1.api.aws",
                "hosted_zone_id": "Z029633838B4NXVQT2K6H"
              }
            ],
            "dns_options": [
              {
                "dns_record_ip_type": "ipv4",
                "private_dns_only_for_inbound_resolver_endpoint": false,
                "private_dns_preference": "",
                "private_dns_specified_domains": []
              }
            ],
            "id": "vpce-0567e989da096c6af",
            "ip_address_type": "ipv4",
            "network_interface_ids": [
              "eni-01178a8c27a89e8c8",
              "eni-04a459d0963db95f5"
            ],
            "owner_id": "620812304994",
            "policy": "{\"Statement\":[{\"Action\":\"*\",\"Effect\":\"Allow\",\"Principal\":\"*\",\"Resource\":\"*\"}]}",
            "prefix_list_id": null,
            "private_dns_enabled": true,
            "region": "ap-northeast-1",
            "requester_managed": false,
            "resource_configuration_arn": "",
            "route_table_ids": [],
            "security_group_ids": [
              "sg-017123c0ef80e813a"
            ],
            "service_name": "com.amazonaws.ap-northeast-1.logs",
            "service_network_arn": "",
            "service_region": "ap-northeast-1",
            "state": "available",
            "subnet_configuration": [
              {
                "ipv4": "10.17.11.43",
                "ipv6": "",
                "subnet_id": "subnet-0763eb4614e21ea66"
              },
              {
                "ipv4": "10.17.12.86",
                "ipv6": "",
                "subnet_id": "subnet-0e25bf6955aba2bf8"
              }
            ],
            "subnet_ids": [
              "subnet-0763eb4614e21ea66",
              "subnet-0e25bf6955aba2bf8"
            ],
            "tags": {
              "Name": "lew-vpce-logs01"
            },
            "tags_all": {
              "Name": "lew-vpce-logs01"
            },
            "timeouts": null,
            "vpc_endpoint_type": "Interface",
            "vpc_id": "vpc-0e69c2a5e1fea450c"
          },
          "sensitive_attributes": [],
          "identity_schema_version": 0,
          "identity": {
            "account_id": "620812304994",
            "id": "vpce-0567e989da096c6af",
            "region": "ap-northeast-1"
          },
          "private": "eyJlMmJmYjczMC1lY2FhLTExZTYtOGY4OC0zNDM2M2JjN2M0YzAiOnsiY3JlYXRlIjo2MDAwMDAwMDAwMDAsImRlbGV0ZSI6NjAwMDAwMDAwMDAwLCJ1cGRhdGUiOjYwMDAwMDAwMDAwMH19",
          "dependencies": [
            "aws_security_group.chewbacca_vpce_sg01",
            "aws_subnet.chewbacca_private_subnets",
            "aws_vpc.chewbacca_vpc01",
            "data.aws_region.chewbacca_region01"
          ]
        }
      ]
    },
    {
      "mode": "managed",
      "type": "aws_vpc_endpoint",
      "name": "chewbacca_vpce_s3_gw01",
      "provider": "provider[\"registry.terraform.io/hashicorp/aws\"]",
      "instances": [
        {
          "schema_version": 0,
          "attributes": {
            "arn": "arn:aws:ec2:ap-northeast-1:620812304994:vpc-endpoint/vpce-0455c665269a37c03",
            "auto_accept": null,
            "cidr_blocks": [
              "3.5.152.0/21",
              "52.219.162.0/23",
              "52.219.0.0/20",
              "52.219.16.0/22",
              "52.219.196.0/22",
              "52.219.172.0/22",
              "52.219.20.0/23",
              "52.219.195.0/24",
              "52.219.200.0/23",
              "52.219.150.0/23",
              "52.219.152.0/22",
              "52.219.136.0/22",
              "52.219.68.0/22"
            ],
            "dns_entry": [],
            "dns_options": [
              {
                "dns_record_ip_type": "service-defined",
                "private_dns_only_for_inbound_resolver_endpoint": false,
                "private_dns_preference": "",
                "private_dns_specified_domains": []
              }
            ],
            "id": "vpce-0455c665269a37c03",
            "ip_address_type": "ipv4",
            "network_interface_ids": [],
            "owner_id": "620812304994",
            "policy": "{\"Statement\":[{\"Action\":\"*\",\"Effect\":\"Allow\",\"Principal\":\"*\",\"Resource\":\"*\"}],\"Version\":\"2008-10-17\"}",
            "prefix_list_id": "pl-61a54008",
            "private_dns_enabled": false,
            "region": "ap-northeast-1",
            "requester_managed": false,
            "resource_configuration_arn": "",
            "route_table_ids": [
              "rtb-05990cf2335848e2c"
            ],
            "security_group_ids": [],
            "service_name": "com.amazonaws.ap-northeast-1.s3",
            "service_network_arn": "",
            "service_region": "ap-northeast-1",
            "state": "available",
            "subnet_configuration": [],
            "subnet_ids": [],
            "tags": {
              "Name": "lew-vpce-s3-gw01"
            },
            "tags_all": {
              "Name": "lew-vpce-s3-gw01"
            },
            "timeouts": null,
            "vpc_endpoint_type": "Gateway",
            "vpc_id": "vpc-0e69c2a5e1fea450c"
          },
          "sensitive_attributes": [],
          "identity_schema_version": 0,
          "identity": {
            "account_id": "620812304994",
            "id": "vpce-0455c665269a37c03",
            "region": "ap-northeast-1"
          },
          "private": "eyJlMmJmYjczMC1lY2FhLTExZTYtOGY4OC0zNDM2M2JjN2M0YzAiOnsiY3JlYXRlIjo2MDAwMDAwMDAwMDAsImRlbGV0ZSI6NjAwMDAwMDAwMDAwLCJ1cGRhdGUiOjYwMDAwMDAwMDAwMH19",
          "dependencies": [
            "aws_route_table.chewbacca_private_rt01",
            "aws_vpc.chewbacca_vpc01",
            "data.aws_region.chewbacca_region01"
          ]
        }
      ]
    },
    {
      "mode": "managed",
      "type": "aws_vpc_endpoint",
      "name": "chewbacca_vpce_secrets01",
      "provider": "provider[\"registry.terraform.io/hashicorp/aws\"]",
      "instances": [
        {
          "schema_version": 0,
          "attributes": {
            "arn": "arn:aws:ec2:ap-northeast-1:620812304994:vpc-endpoint/vpce-0c28c7acabc78dd4f",
            "auto_accept": null,
            "cidr_blocks": [],
            "dns_entry": [
              {
                "dns_name": "vpce-0c28c7acabc78dd4f-h4e9x2d2.secretsmanager.ap-northeast-1.vpce.amazonaws.com",
                "hosted_zone_id": "Z2E726K9Y6RL4W"
              },
              {
                "dns_name": "vpce-0c28c7acabc78dd4f-h4e9x2d2-ap-northeast-1c.secretsmanager.ap-northeast-1.vpce.amazonaws.com",
                "hosted_zone_id": "Z2E726K9Y6RL4W"
              },
              {
                "dns_name": "vpce-0c28c7acabc78dd4f-h4e9x2d2-ap-northeast-1a.secretsmanager.ap-northeast-1.vpce.amazonaws.com",
                "hosted_zone_id": "Z2E726K9Y6RL4W"
              },
              {
                "dns_name": "secretsmanager.ap-northeast-1.amazonaws.com",
                "hosted_zone_id": "Z0296566W6RE5WEA94RE"
              }
            ],
            "dns_options": [
              {
                "dns_record_ip_type": "ipv4",
                "private_dns_only_for_inbound_resolver_endpoint": false,
                "private_dns_preference": "",
                "private_dns_specified_domains": []
              }
            ],
            "id": "vpce-0c28c7acabc78dd4f",
            "ip_address_type": "ipv4",
            "network_interface_ids": [
              "eni-02b0e44e433b5adb8",
              "eni-03e9e4ce91c4580d5"
            ],
            "owner_id": "620812304994",
            "policy": "{\"Statement\":[{\"Action\":\"*\",\"Effect\":\"Allow\",\"Principal\":\"*\",\"Resource\":\"*\"}]}",
            "prefix_list_id": null,
            "private_dns_enabled": true,
            "region": "ap-northeast-1",
            "requester_managed": false,
            "resource_configuration_arn": "",
            "route_table_ids": [],
            "security_group_ids": [
              "sg-017123c0ef80e813a"
            ],
            "service_name": "com.amazonaws.ap-northeast-1.secretsmanager",
            "service_network_arn": "",
            "service_region": "ap-northeast-1",
            "state": "available",
            "subnet_configuration": [
              {
                "ipv4": "10.17.11.237",
                "ipv6": "",
                "subnet_id": "subnet-0763eb4614e21ea66"
              },
              {
                "ipv4": "10.17.12.67",
                "ipv6": "",
                "subnet_id": "subnet-0e25bf6955aba2bf8"
              }
            ],
            "subnet_ids": [
              "subnet-0763eb4614e21ea66",
              "subnet-0e25bf6955aba2bf8"
            ],
            "tags": {
              "Name": "lew-vpce-secrets01"
            },
            "tags_all": {
              "Name": "lew-vpce-secrets01"
            },
            "timeouts": null,
            "vpc_endpoint_type": "Interface",
            "vpc_id": "vpc-0e69c2a5e1fea450c"
          },
          "sensitive_attributes": [],
          "identity_schema_version": 0,
          "identity": {
            "account_id": "620812304994",
            "id": "vpce-0c28c7acabc78dd4f",
            "region": "ap-northeast-1"
          },
          "private": "eyJlMmJmYjczMC1lY2FhLTExZTYtOGY4OC0zNDM2M2JjN2M0YzAiOnsiY3JlYXRlIjo2MDAwMDAwMDAwMDAsImRlbGV0ZSI6NjAwMDAwMDAwMDAwLCJ1cGRhdGUiOjYwMDAwMDAwMDAwMH19",
          "dependencies": [
            "aws_security_group.chewbacca_vpce_sg01",
            "aws_subnet.chewbacca_private_subnets",
            "aws_vpc.chewbacca_vpc01",
            "data.aws_region.chewbacca_region01"
          ]
        }
      ]
    },
    {
      "mode": "managed",
      "type": "aws_vpc_endpoint",
      "name": "chewbacca_vpce_ssm01",
      "provider": "provider[\"registry.terraform.io/hashicorp/aws\"]",
      "instances": [
        {
          "schema_version": 0,
          "attributes": {
            "arn": "arn:aws:ec2:ap-northeast-1:620812304994:vpc-endpoint/vpce-03b0908f5da92fe27",
            "auto_accept": null,
            "cidr_blocks": [],
            "dns_entry": [
              {
                "dns_name": "vpce-03b0908f5da92fe27-7rita23q.ssm.ap-northeast-1.vpce.amazonaws.com",
                "hosted_zone_id": "Z2E726K9Y6RL4W"
              },
              {
                "dns_name": "vpce-03b0908f5da92fe27-7rita23q-ap-northeast-1a.ssm.ap-northeast-1.vpce.amazonaws.com",
                "hosted_zone_id": "Z2E726K9Y6RL4W"
              },
              {
                "dns_name": "vpce-03b0908f5da92fe27-7rita23q-ap-northeast-1c.ssm.ap-northeast-1.vpce.amazonaws.com",
                "hosted_zone_id": "Z2E726K9Y6RL4W"
              },
              {
                "dns_name": "ssm.ap-northeast-1.amazonaws.com",
                "hosted_zone_id": "Z039373920T7L0Q3V1J7H"
              },
              {
                "dns_name": "ssm.ap-northeast-1.api.aws",
                "hosted_zone_id": "Z0267807177F213PCV3FJ"
              }
            ],
            "dns_options": [
              {
                "dns_record_ip_type": "ipv4",
                "private_dns_only_for_inbound_resolver_endpoint": false,
                "private_dns_preference": "",
                "private_dns_specified_domains": []
              }
            ],
            "id": "vpce-03b0908f5da92fe27",
            "ip_address_type": "ipv4",
            "network_interface_ids": [
              "eni-0b0eedae13c05837b",
              "eni-0e5dd2a07d0ba6ea3"
            ],
            "owner_id": "620812304994",
            "policy": "{\"Statement\":[{\"Action\":\"*\",\"Effect\":\"Allow\",\"Principal\":\"*\",\"Resource\":\"*\"}]}",
            "prefix_list_id": null,
            "private_dns_enabled": true,
            "region": "ap-northeast-1",
            "requester_managed": false,
            "resource_configuration_arn": "",
            "route_table_ids": [],
            "security_group_ids": [
              "sg-017123c0ef80e813a"
            ],
            "service_name": "com.amazonaws.ap-northeast-1.ssm",
            "service_network_arn": "",
            "service_region": "ap-northeast-1",
            "state": "available",
            "subnet_configuration": [
              {
                "ipv4": "10.17.11.76",
                "ipv6": "",
                "subnet_id": "subnet-0763eb4614e21ea66"
              },
              {
                "ipv4": "10.17.12.219",
                "ipv6": "",
                "subnet_id": "subnet-0e25bf6955aba2bf8"
              }
            ],
            "subnet_ids": [
              "subnet-0763eb4614e21ea66",
              "subnet-0e25bf6955aba2bf8"
            ],
            "tags": {
              "Name": "lew-vpce-ssm01"
            },
            "tags_all": {
              "Name": "lew-vpce-ssm01"
            },
            "timeouts": null,
            "vpc_endpoint_type": "Interface",
            "vpc_id": "vpc-0e69c2a5e1fea450c"
          },
          "sensitive_attributes": [],
          "identity_schema_version": 0,
          "identity": {
            "account_id": "620812304994",
            "id": "vpce-03b0908f5da92fe27",
            "region": "ap-northeast-1"
          },
          "private": "eyJlMmJmYjczMC1lY2FhLTExZTYtOGY4OC0zNDM2M2JjN2M0YzAiOnsiY3JlYXRlIjo2MDAwMDAwMDAwMDAsImRlbGV0ZSI6NjAwMDAwMDAwMDAwLCJ1cGRhdGUiOjYwMDAwMDAwMDAwMH19",
          "dependencies": [
            "aws_security_group.chewbacca_vpce_sg01",
            "aws_subnet.chewbacca_private_subnets",
            "aws_vpc.chewbacca_vpc01",
            "data.aws_region.chewbacca_region01"
          ]
        }
      ]
    },
    {
      "mode": "managed",
      "type": "aws_vpc_endpoint",
      "name": "chewbacca_vpce_ssmmessages01",
      "provider": "provider[\"registry.terraform.io/hashicorp/aws\"]",
      "instances": [
        {
          "schema_version": 0,
          "attributes": {
            "arn": "arn:aws:ec2:ap-northeast-1:620812304994:vpc-endpoint/vpce-0ab517041e6cd2635",
            "auto_accept": null,
            "cidr_blocks": [],
            "dns_entry": [
              {
                "dns_name": "vpce-0ab517041e6cd2635-rku4ks2o.ssmmessages.ap-northeast-1.vpce.amazonaws.com",
                "hosted_zone_id": "Z2E726K9Y6RL4W"
              },
              {
                "dns_name": "vpce-0ab517041e6cd2635-rku4ks2o-ap-northeast-1a.ssmmessages.ap-northeast-1.vpce.amazonaws.com",
                "hosted_zone_id": "Z2E726K9Y6RL4W"
              },
              {
                "dns_name": "vpce-0ab517041e6cd2635-rku4ks2o-ap-northeast-1c.ssmmessages.ap-northeast-1.vpce.amazonaws.com",
                "hosted_zone_id": "Z2E726K9Y6RL4W"
              },
              {
                "dns_name": "ssmmessages.ap-northeast-1.amazonaws.com",
                "hosted_zone_id": "Z02690453CQD6EK7K4BYU"
              },
              {
                "dns_name": "ssmmessages.ap-northeast-1.api.aws",
                "hosted_zone_id": "Z03942431M2AASEHWIKVY"
              }
            ],
            "dns_options": [
              {
                "dns_record_ip_type": "ipv4",
                "private_dns_only_for_inbound_resolver_endpoint": false,
                "private_dns_preference": "",
                "private_dns_specified_domains": []
              }
            ],
            "id": "vpce-0ab517041e6cd2635",
            "ip_address_type": "ipv4",
            "network_interface_ids": [
              "eni-043bce9e89d2be27b",
              "eni-0d644da911f80e93d"
            ],
            "owner_id": "620812304994",
            "policy": "{\"Statement\":[{\"Action\":\"*\",\"Effect\":\"Allow\",\"Principal\":\"*\",\"Resource\":\"*\"}]}",
            "prefix_list_id": null,
            "private_dns_enabled": true,
            "region": "ap-northeast-1",
            "requester_managed": false,
            "resource_configuration_arn": "",
            "route_table_ids": [],
            "security_group_ids": [
              "sg-017123c0ef80e813a"
            ],
            "service_name": "com.amazonaws.ap-northeast-1.ssmmessages",
            "service_network_arn": "",
            "service_region": "ap-northeast-1",
            "state": "available",
            "subnet_configuration": [
              {
                "ipv4": "10.17.11.102",
                "ipv6": "",
                "subnet_id": "subnet-0763eb4614e21ea66"
              },
              {
                "ipv4": "10.17.12.47",
                "ipv6": "",
                "subnet_id": "subnet-0e25bf6955aba2bf8"
              }
            ],
            "subnet_ids": [
              "subnet-0763eb4614e21ea66",
              "subnet-0e25bf6955aba2bf8"
            ],
            "tags": {
              "Name": "lew-vpce-ssmmessages01"
            },
            "tags_all": {
              "Name": "lew-vpce-ssmmessages01"
            },
            "timeouts": null,
            "vpc_endpoint_type": "Interface",
            "vpc_id": "vpc-0e69c2a5e1fea450c"
          },
          "sensitive_attributes": [],
          "identity_schema_version": 0,
          "identity": {
            "account_id": "620812304994",
            "id": "vpce-0ab517041e6cd2635",
            "region": "ap-northeast-1"
          },
          "private": "eyJlMmJmYjczMC1lY2FhLTExZTYtOGY4OC0zNDM2M2JjN2M0YzAiOnsiY3JlYXRlIjo2MDAwMDAwMDAwMDAsImRlbGV0ZSI6NjAwMDAwMDAwMDAwLCJ1cGRhdGUiOjYwMDAwMDAwMDAwMH19",
          "dependencies": [
            "aws_security_group.chewbacca_vpce_sg01",
            "aws_subnet.chewbacca_private_subnets",
            "aws_vpc.chewbacca_vpc01",
            "data.aws_region.chewbacca_region01"
          ]
        }
      ]
    },
    {
      "mode": "managed",
      "type": "aws_vpc_security_group_egress_rule",
      "name": "ec2_all_outbound",
      "provider": "provider[\"registry.terraform.io/hashicorp/aws\"]",
      "instances": [
        {
          "schema_version": 0,
          "attributes": {
            "arn": "arn:aws:ec2:ap-northeast-1:620812304994:security-group-rule/sgr-0209cdc94e74f1811",
            "cidr_ipv4": "0.0.0.0/0",
            "cidr_ipv6": null,
            "description": null,
            "from_port": null,
            "id": "sgr-0209cdc94e74f1811",
            "ip_protocol": "-1",
            "prefix_list_id": null,
            "referenced_security_group_id": null,
            "region": "ap-northeast-1",
            "security_group_id": "sg-05d1ff8efbd11d40c",
            "security_group_rule_id": "sgr-0209cdc94e74f1811",
            "tags": null,
            "tags_all": {},
            "to_port": null
          },
          "sensitive_attributes": [],
          "identity_schema_version": 0,
          "identity": {
            "account_id": "620812304994",
            "id": "sgr-0209cdc94e74f1811",
            "region": "ap-northeast-1"
          },
          "dependencies": [
            "aws_security_group.chewbacca_ec2_sg01",
            "aws_vpc.chewbacca_vpc01"
          ]
        }
      ]
    },
    {
      "mode": "managed",
      "type": "aws_vpc_security_group_ingress_rule",
      "name": "ec2_http",
      "provider": "provider[\"registry.terraform.io/hashicorp/aws\"]",
      "instances": [
        {
          "schema_version": 0,
          "attributes": {
            "arn": "arn:aws:ec2:ap-northeast-1:620812304994:security-group-rule/sgr-0bb87b12322d246f7",
            "cidr_ipv4": "0.0.0.0/0",
            "cidr_ipv6": null,
            "description": "Allow HTTP traffic",
            "from_port": 80,
            "id": "sgr-0bb87b12322d246f7",
            "ip_protocol": "tcp",
            "prefix_list_id": null,
            "referenced_security_group_id": null,
            "region": "ap-northeast-1",
            "security_group_id": "sg-05d1ff8efbd11d40c",
            "security_group_rule_id": "sgr-0bb87b12322d246f7",
            "tags": {
              "Name": "lew-http"
            },
            "tags_all": {
              "Name": "lew-http"
            },
            "to_port": 80
          },
          "sensitive_attributes": [],
          "identity_schema_version": 0,
          "identity": {
            "account_id": "620812304994",
            "id": "sgr-0bb87b12322d246f7",
            "region": "ap-northeast-1"
          },
          "dependencies": [
            "aws_security_group.chewbacca_ec2_sg01",
            "aws_vpc.chewbacca_vpc01"
          ]
        }
      ]
    },
    {
      "mode": "managed",
      "type": "aws_vpc_security_group_ingress_rule",
      "name": "rds_mysql",
      "provider": "provider[\"registry.terraform.io/hashicorp/aws\"]",
      "instances": [
        {
          "schema_version": 0,
          "attributes": {
            "arn": "arn:aws:ec2:ap-northeast-1:620812304994:security-group-rule/sgr-0b4d86d6277dc6bb3",
            "cidr_ipv4": null,
            "cidr_ipv6": null,
            "description": "Allow MySQL traffic",
            "from_port": 3306,
            "id": "sgr-0b4d86d6277dc6bb3",
            "ip_protocol": "tcp",
            "prefix_list_id": null,
            "referenced_security_group_id": "sg-05d1ff8efbd11d40c",
            "region": "ap-northeast-1",
            "security_group_id": "sg-05eca073c1193182d",
            "security_group_rule_id": "sgr-0b4d86d6277dc6bb3",
            "tags": {
              "Name": "lew-mysql"
            },
            "tags_all": {
              "Name": "lew-mysql"
            },
            "to_port": 3306
          },
          "sensitive_attributes": [],
          "identity_schema_version": 0,
          "identity": {
            "account_id": "620812304994",
            "id": "sgr-0b4d86d6277dc6bb3",
            "region": "ap-northeast-1"
          },
          "dependencies": [
            "aws_security_group.chewbacca_ec2_sg01",
            "aws_security_group.chewbacca_rds_sg01",
            "aws_vpc.chewbacca_vpc01"
          ]
        }
      ]
    },
    {
      "mode": "managed",
      "type": "aws_wafv2_web_acl",
      "name": "chewbacca_waf01",
      "provider": "provider[\"registry.terraform.io/hashicorp/aws\"]",
      "instances": [
        {
          "index_key": 0,
          "schema_version": 0,
          "attributes": {
            "application_integration_url": "",
            "arn": "arn:aws:wafv2:ap-northeast-1:620812304994:regional/webacl/lew-waf01/bc4383ea-9bc9-4ed8-963f-ce2d8b7d454c",
            "association_config": [],
            "capacity": 700,
            "captcha_config": [],
            "challenge_config": [],
            "custom_response_body": [],
            "data_protection_config": [],
            "default_action": [
              {
                "allow": [
                  {
                    "custom_request_handling": []
                  }
                ],
                "block": []
              }
            ],
            "description": "",
            "id": "bc4383ea-9bc9-4ed8-963f-ce2d8b7d454c",
            "lock_token": "a2e78672-750d-4489-bd29-cac0a3808c2e",
            "name": "lew-waf01",
            "name_prefix": "",
            "region": "ap-northeast-1",
            "rule": [
              {
                "action": [],
                "captcha_config": [],
                "challenge_config": [],
                "name": "AWSManagedRulesCommonRuleSet",
                "override_action": [
                  {
                    "count": [],
                    "none": [
                      {}
                    ]
                  }
                ],
                "priority": 1,
                "rule_label": [],
                "statement": [
                  {
                    "and_statement": [],
                    "asn_match_statement": [],
                    "byte_match_statement": [],
                    "geo_match_statement": [],
                    "ip_set_reference_statement": [],
                    "label_match_statement": [],
                    "managed_rule_group_statement": [
                      {
                        "managed_rule_group_configs": [],
                        "name": "AWSManagedRulesCommonRuleSet",
                        "rule_action_override": [],
                        "scope_down_statement": [],
                        "vendor_name": "AWS",
                        "version": ""
                      }
                    ],
                    "not_statement": [],
                    "or_statement": [],
                    "rate_based_statement": [],
                    "regex_match_statement": [],
                    "regex_pattern_set_reference_statement": [],
                    "rule_group_reference_statement": [],
                    "size_constraint_statement": [],
                    "sqli_match_statement": [],
                    "xss_match_statement": []
                  }
                ],
                "visibility_config": [
                  {
                    "cloudwatch_metrics_enabled": true,
                    "metric_name": "lew-waf-common",
                    "sampled_requests_enabled": true
                  }
                ]
              }
            ],
            "rule_json": null,
            "scope": "REGIONAL",
            "tags": {
              "Name": "lew-waf01"
            },
            "tags_all": {
              "Name": "lew-waf01"
            },
            "token_domains": [],
            "visibility_config": [
              {
                "cloudwatch_metrics_enabled": true,
                "metric_name": "lew-waf01",
                "sampled_requests_enabled": true
              }
            ]
          },
          "sensitive_attributes": [],
          "identity_schema_version": 0,
          "private": "bnVsbA=="
        }
      ]
    },
    {
      "mode": "managed",
      "type": "aws_wafv2_web_acl_association",
      "name": "chewbacca_waf_assoc01",
      "provider": "provider[\"registry.terraform.io/hashicorp/aws\"]",
      "instances": [
        {
          "index_key": 0,
          "schema_version": 0,
          "attributes": {
            "id": "arn:aws:wafv2:ap-northeast-1:620812304994:regional/webacl/lew-waf01/bc4383ea-9bc9-4ed8-963f-ce2d8b7d454c,arn:aws:elasticloadbalancing:ap-northeast-1:620812304994:loadbalancer/app/lew-alb01/5bacfef0e722326b",
            "region": "ap-northeast-1",
            "resource_arn": "arn:aws:elasticloadbalancing:ap-northeast-1:620812304994:loadbalancer/app/lew-alb01/5bacfef0e722326b",
            "timeouts": null,
            "web_acl_arn": "arn:aws:wafv2:ap-northeast-1:620812304994:regional/webacl/lew-waf01/bc4383ea-9bc9-4ed8-963f-ce2d8b7d454c"
          },
          "sensitive_attributes": [],
          "identity_schema_version": 0,
          "private": "eyJlMmJmYjczMC1lY2FhLTExZTYtOGY4OC0zNDM2M2JjN2M0YzAiOnsiY3JlYXRlIjo2MDAwMDAwMDAwMDB9fQ==",
          "dependencies": [
            "aws_lb.chewbacca_alb01",
            "aws_s3_bucket.chewbacca_alb_logs_bucket01",
            "aws_security_group.chewbacca_alb_sg01",
            "aws_subnet.chewbacca_public_subnets",
            "aws_vpc.chewbacca_vpc01",
            "aws_wafv2_web_acl.chewbacca_waf01",
            "data.aws_caller_identity.chewbacca_self01"
          ]
        }
      ]
    },
    {
      "mode": "managed",
      "type": "aws_wafv2_web_acl_logging_configuration",
      "name": "chewbacca_waf_logging01",
      "provider": "provider[\"registry.terraform.io/hashicorp/aws\"]",
      "instances": [
        {
          "index_key": 0,
          "schema_version": 0,
          "attributes": {
            "id": "arn:aws:wafv2:ap-northeast-1:620812304994:regional/webacl/lew-waf01/bc4383ea-9bc9-4ed8-963f-ce2d8b7d454c",
            "log_destination_configs": [
              "arn:aws:logs:ap-northeast-1:620812304994:log-group:aws-waf-logs-lew-webacl01"
            ],
            "logging_filter": [],
            "redacted_fields": [],
            "region": "ap-northeast-1",
            "resource_arn": "arn:aws:wafv2:ap-northeast-1:620812304994:regional/webacl/lew-waf01/bc4383ea-9bc9-4ed8-963f-ce2d8b7d454c"
          },
          "sensitive_attributes": [],
          "identity_schema_version": 0,
          "private": "bnVsbA==",
          "dependencies": [
            "aws_cloudwatch_log_group.chewbacca_waf_log_group01",
            "aws_cloudwatch_log_resource_policy.chewbacca_waf_cw_policy01",
            "aws_wafv2_web_acl.chewbacca_waf01",
            "data.aws_caller_identity.chewbacca_self01"
          ]
        }
      ]
    }
  ],
  "check_results": null
}
